// !$*UTF8*$!
{
	archiveVersion = 1;
	classes = {
	};
	objectVersion = 55;
	objects = {

/* Begin PBXBuildFile section */
		7338BAAB275D009400F42D2F /* LoginView.swift in Sources */ = {isa = PBXBuildFile; fileRef = 7338BAAA275D009400F42D2F /* LoginView.swift */; };
		7338BAAE275D399C00F42D2F /* JWTDecode in Frameworks */ = {isa = PBXBuildFile; productRef = 7338BAAD275D399C00F42D2F /* JWTDecode */; };
		733B8B03275A9AE100E68F9E /* LatestResultsView.swift in Sources */ = {isa = PBXBuildFile; fileRef = 733B8B02275A9AE100E68F9E /* LatestResultsView.swift */; };
		733B8B05275A9B3C00E68F9E /* TeamOverviewView.swift in Sources */ = {isa = PBXBuildFile; fileRef = 733B8B04275A9B3C00E68F9E /* TeamOverviewView.swift */; };
		733B8B07275A9F5500E68F9E /* ComparePlayerView.swift in Sources */ = {isa = PBXBuildFile; fileRef = 733B8B06275A9F5500E68F9E /* ComparePlayerView.swift */; };
		734C9A0F274E404B0077BFEB /* TestListView.swift in Sources */ = {isa = PBXBuildFile; fileRef = 734C9A0E274E404B0077BFEB /* TestListView.swift */; };
		734C9A11274E48260077BFEB /* PhysicalTestList.swift in Sources */ = {isa = PBXBuildFile; fileRef = 734C9A10274E48260077BFEB /* PhysicalTestList.swift */; };
		734C9A13274E51600077BFEB /* KTK3View.swift in Sources */ = {isa = PBXBuildFile; fileRef = 734C9A12274E51600077BFEB /* KTK3View.swift */; };
		734C9A15274E8C310077BFEB /* KTK3MovingSidewaysView.swift in Sources */ = {isa = PBXBuildFile; fileRef = 734C9A14274E8C310077BFEB /* KTK3MovingSidewaysView.swift */; };
		734C9A17274E8CA30077BFEB /* KTK3Balk1View.swift in Sources */ = {isa = PBXBuildFile; fileRef = 734C9A16274E8CA30077BFEB /* KTK3Balk1View.swift */; };
		734C9A19274E8DCA0077BFEB /* KTK3Balk2View.swift in Sources */ = {isa = PBXBuildFile; fileRef = 734C9A18274E8DCA0077BFEB /* KTK3Balk2View.swift */; };
		734C9A1B274E8E540077BFEB /* KTK3Balk3View.swift in Sources */ = {isa = PBXBuildFile; fileRef = 734C9A1A274E8E540077BFEB /* KTK3Balk3View.swift */; };
		734C9A1D274E8F4E0077BFEB /* KTK3HandEyeView.swift in Sources */ = {isa = PBXBuildFile; fileRef = 734C9A1C274E8F4E0077BFEB /* KTK3HandEyeView.swift */; };
		734CDD8E275BA30900697CEE /* TechnoleonAPI.swift in Sources */ = {isa = PBXBuildFile; fileRef = 734CDD8D275BA30900697CEE /* TechnoleonAPI.swift */; };
		734CDD90275BA52000697CEE /* LoginRequest.swift in Sources */ = {isa = PBXBuildFile; fileRef = 734CDD8F275BA52000697CEE /* LoginRequest.swift */; };
		734CDD93275BA5BB00697CEE /* KeychainAccess in Frameworks */ = {isa = PBXBuildFile; productRef = 734CDD92275BA5BB00697CEE /* KeychainAccess */; };
		734CDD95275BB61D00697CEE /* LoginResponse.swift in Sources */ = {isa = PBXBuildFile; fileRef = 734CDD94275BB61D00697CEE /* LoginResponse.swift */; };
		7363E07B274CE84600FD5BBD /* TeamSelectionView.swift in Sources */ = {isa = PBXBuildFile; fileRef = 7363E07A274CE84600FD5BBD /* TeamSelectionView.swift */; };
		7363E07F274CF9C700FD5BBD /* PlayerSelectionView.swift in Sources */ = {isa = PBXBuildFile; fileRef = 7363E07E274CF9C700FD5BBD /* PlayerSelectionView.swift */; };
		7391B8F7274BECB80003BDDC /* TestCategoriesView.swift in Sources */ = {isa = PBXBuildFile; fileRef = 7391B8F6274BECB80003BDDC /* TestCategoriesView.swift */; };
		7391B8FB274BEFA20003BDDC /* ProfileView.swift in Sources */ = {isa = PBXBuildFile; fileRef = 7391B8FA274BEFA20003BDDC /* ProfileView.swift */; };
		73975783274942D900A17B6E /* NavigationBar.swift in Sources */ = {isa = PBXBuildFile; fileRef = 73975782274942D900A17B6E /* NavigationBar.swift */; };
		73975785274946A200A17B6E /* ViewExtension.swift in Sources */ = {isa = PBXBuildFile; fileRef = 73975784274946A200A17B6E /* ViewExtension.swift */; };
		73CB304E27567EA900BF15AD /* Fysiek.json in Resources */ = {isa = PBXBuildFile; fileRef = 73CB304D27567EA900BF15AD /* Fysiek.json */; };
		73CB305027567EDC00BF15AD /* Technisch.json in Resources */ = {isa = PBXBuildFile; fileRef = 73CB304F27567EDC00BF15AD /* Technisch.json */; };
		73CB305227567F3000BF15AD /* Cognitief.json in Resources */ = {isa = PBXBuildFile; fileRef = 73CB305127567F3000BF15AD /* Cognitief.json */; };
		73E59D652758FBDB005545F3 /* OverviewView.swift in Sources */ = {isa = PBXBuildFile; fileRef = 73E59D642758FBDB005545F3 /* OverviewView.swift */; };
		73E5B608274F951600EBFE9E /* EndOfTestView.swift in Sources */ = {isa = PBXBuildFile; fileRef = 73E5B607274F951600EBFE9E /* EndOfTestView.swift */; };
		73EB23372746944E008111AE /* TechnoleonAppApp.swift in Sources */ = {isa = PBXBuildFile; fileRef = 73EB23362746944E008111AE /* TechnoleonAppApp.swift */; };
		73EB23392746944E008111AE /* ContentView.swift in Sources */ = {isa = PBXBuildFile; fileRef = 73EB23382746944E008111AE /* ContentView.swift */; };
		73EB233B27469450008111AE /* Assets.xcassets in Resources */ = {isa = PBXBuildFile; fileRef = 73EB233A27469450008111AE /* Assets.xcassets */; };
		73EB233E27469450008111AE /* Preview Assets.xcassets in Resources */ = {isa = PBXBuildFile; fileRef = 73EB233D27469450008111AE /* Preview Assets.xcassets */; };
		73EB234827469450008111AE /* TechnoleonAppTests.swift in Sources */ = {isa = PBXBuildFile; fileRef = 73EB234727469450008111AE /* TechnoleonAppTests.swift */; };
		73EB235227469450008111AE /* TechnoleonAppUITests.swift in Sources */ = {isa = PBXBuildFile; fileRef = 73EB235127469450008111AE /* TechnoleonAppUITests.swift */; };
		73EB235427469450008111AE /* TechnoleonAppUITestsLaunchTests.swift in Sources */ = {isa = PBXBuildFile; fileRef = 73EB235327469450008111AE /* TechnoleonAppUITestsLaunchTests.swift */; };
		94071ED8276109F300FFB8B4 /* setTestReponse.swift in Sources */ = {isa = PBXBuildFile; fileRef = 94071ED7276109F300FFB8B4 /* setTestReponse.swift */; };
		94071EDA2761163200FFB8B4 /* TimerMode.swift in Sources */ = {isa = PBXBuildFile; fileRef = 94071ED92761163200FFB8B4 /* TimerMode.swift */; };
		94071EDC2761177100FFB8B4 /* TimerManager.swift in Sources */ = {isa = PBXBuildFile; fileRef = 94071EDB2761177000FFB8B4 /* TimerManager.swift */; };
		94071EDE2761294900FFB8B4 /* OverviewPlayerView.swift in Sources */ = {isa = PBXBuildFile; fileRef = 94071EDD2761294900FFB8B4 /* OverviewPlayerView.swift */; };
		94071EE0276130C300FFB8B4 /* ProfilePlayerView.swift in Sources */ = {isa = PBXBuildFile; fileRef = 94071EDF276130C300FFB8B4 /* ProfilePlayerView.swift */; };
		9426D2BA278D8895009B6541 /* OverviewTestItem.swift in Sources */ = {isa = PBXBuildFile; fileRef = 9426D2B9278D8895009B6541 /* OverviewTestItem.swift */; };
		9426D2BC278D8BAE009B6541 /* TestLists.swift in Sources */ = {isa = PBXBuildFile; fileRef = 9426D2BB278D8BAE009B6541 /* TestLists.swift */; };
		942E3127278729CB00A96991 /* FSTRequest.swift in Sources */ = {isa = PBXBuildFile; fileRef = 942E3126278729CB00A96991 /* FSTRequest.swift */; };
		942E312927872A4E00A96991 /* FSTRequestBody.swift in Sources */ = {isa = PBXBuildFile; fileRef = 942E312827872A4E00A96991 /* FSTRequestBody.swift */; };
		942E312B27873B5900A96991 /* FatPercentageRequest.swift in Sources */ = {isa = PBXBuildFile; fileRef = 942E312A27873B5900A96991 /* FatPercentageRequest.swift */; };
		942E312D27873BEE00A96991 /* FatPercentageRequestBody.swift in Sources */ = {isa = PBXBuildFile; fileRef = 942E312C27873BEE00A96991 /* FatPercentageRequestBody.swift */; };
		943758812771D36C001D3222 /* UserPlayerResponse.swift in Sources */ = {isa = PBXBuildFile; fileRef = 943758802771D36C001D3222 /* UserPlayerResponse.swift */; };
		9438A7AD2770BCA40023E40C /* Test.swift in Sources */ = {isa = PBXBuildFile; fileRef = 9438A7AC2770BCA40023E40C /* Test.swift */; };
		9438A7AF2770CD190023E40C /* MatchTestList.swift in Sources */ = {isa = PBXBuildFile; fileRef = 9438A7AE2770CD190023E40C /* MatchTestList.swift */; };
		9438A7B12770CF180023E40C /* TechnicalTestList.swift in Sources */ = {isa = PBXBuildFile; fileRef = 9438A7B02770CF180023E40C /* TechnicalTestList.swift */; };
		9438A7B32770CF360023E40C /* CognitiveTestList.swift in Sources */ = {isa = PBXBuildFile; fileRef = 9438A7B22770CF360023E40C /* CognitiveTestList.swift */; };
		9438A7B52770CF480023E40C /* MentalTestList.swift in Sources */ = {isa = PBXBuildFile; fileRef = 9438A7B42770CF480023E40C /* MentalTestList.swift */; };
		946768B62788449400393708 /* InsaitJoyRequest.swift in Sources */ = {isa = PBXBuildFile; fileRef = 946768B52788449400393708 /* InsaitJoyRequest.swift */; };
		946768B82788453A00393708 /* InsaitJoyRequestBody.swift in Sources */ = {isa = PBXBuildFile; fileRef = 946768B72788453A00393708 /* InsaitJoyRequestBody.swift */; };
		946768BB278873AA00393708 /* GiTRoundView.swift in Sources */ = {isa = PBXBuildFile; fileRef = 946768BA278873AA00393708 /* GiTRoundView.swift */; };
		946768BD2788792E00393708 /* GiTRound.swift in Sources */ = {isa = PBXBuildFile; fileRef = 946768BC2788792E00393708 /* GiTRound.swift */; };
		946768BF278883EE00393708 /* GiTRoundManager.swift in Sources */ = {isa = PBXBuildFile; fileRef = 946768BE278883EE00393708 /* GiTRoundManager.swift */; };
		94719BB02773766D00F164C1 /* StopwatchManager.swift in Sources */ = {isa = PBXBuildFile; fileRef = 94719BAF2773766D00F164C1 /* StopwatchManager.swift */; };
		947C8B6B277324FA0040CD62 /* KTK3Info.swift in Sources */ = {isa = PBXBuildFile; fileRef = 947C8B6A277324FA0040CD62 /* KTK3Info.swift */; };
		947C8B6D277328810040CD62 /* PHVView.swift in Sources */ = {isa = PBXBuildFile; fileRef = 947C8B6C277328810040CD62 /* PHVView.swift */; };
		947C8B6F277328B10040CD62 /* SitAndReachView.swift in Sources */ = {isa = PBXBuildFile; fileRef = 947C8B6E277328B10040CD62 /* SitAndReachView.swift */; };
		947C8B71277328F90040CD62 /* VetPercentageView.swift in Sources */ = {isa = PBXBuildFile; fileRef = 947C8B70277328F90040CD62 /* VetPercentageView.swift */; };
		947C8B73277329080040CD62 /* T-TestView.swift in Sources */ = {isa = PBXBuildFile; fileRef = 947C8B72277329080040CD62 /* T-TestView.swift */; };
		947C8B76277329390040CD62 /* OneLegStanceLeft.swift in Sources */ = {isa = PBXBuildFile; fileRef = 947C8B75277329390040CD62 /* OneLegStanceLeft.swift */; };
		947C8B78277329460040CD62 /* OneLegStanceRight.swift in Sources */ = {isa = PBXBuildFile; fileRef = 947C8B77277329460040CD62 /* OneLegStanceRight.swift */; };
		947C8B7E27732A580040CD62 /* Sprint10m20m35mView.swift in Sources */ = {isa = PBXBuildFile; fileRef = 947C8B7D27732A580040CD62 /* Sprint10m20m35mView.swift */; };
		947C8B8027732A6D0040CD62 /* Sprint10x5mView.swift in Sources */ = {isa = PBXBuildFile; fileRef = 947C8B7F27732A6D0040CD62 /* Sprint10x5mView.swift */; };
		947C8B8227732A860040CD62 /* ShuttleRunView.swift in Sources */ = {isa = PBXBuildFile; fileRef = 947C8B8127732A860040CD62 /* ShuttleRunView.swift */; };
		947C8B8427732A940040CD62 /* YoYoView.swift in Sources */ = {isa = PBXBuildFile; fileRef = 947C8B8327732A940040CD62 /* YoYoView.swift */; };
		947C8B8627732AAB0040CD62 /* LSPTView.swift in Sources */ = {isa = PBXBuildFile; fileRef = 947C8B8527732AAB0040CD62 /* LSPTView.swift */; };
		947C8B8827732AB60040CD62 /* FSTView.swift in Sources */ = {isa = PBXBuildFile; fileRef = 947C8B8727732AB60040CD62 /* FSTView.swift */; };
		947C8B8A27732AD10040CD62 /* InsaitJoyView.swift in Sources */ = {isa = PBXBuildFile; fileRef = 947C8B8927732AD10040CD62 /* InsaitJoyView.swift */; };
		947C8B8C27732B120040CD62 /* GiTView.swift in Sources */ = {isa = PBXBuildFile; fileRef = 947C8B8B27732B120040CD62 /* GiTView.swift */; };
		947C8B8E27732D310040CD62 /* PHVInfo.swift in Sources */ = {isa = PBXBuildFile; fileRef = 947C8B8D27732D310040CD62 /* PHVInfo.swift */; };
		947C8B90277330C10040CD62 /* TestInfo.swift in Sources */ = {isa = PBXBuildFile; fileRef = 947C8B8F277330C10040CD62 /* TestInfo.swift */; };
		947C8B922773316C0040CD62 /* SitAndReachInfo.swift in Sources */ = {isa = PBXBuildFile; fileRef = 947C8B912773316C0040CD62 /* SitAndReachInfo.swift */; };
		947C8B94277331AB0040CD62 /* VetPercentageInfo.swift in Sources */ = {isa = PBXBuildFile; fileRef = 947C8B93277331AB0040CD62 /* VetPercentageInfo.swift */; };
		947C8B96277331D80040CD62 /* T-TestInfo.swift in Sources */ = {isa = PBXBuildFile; fileRef = 947C8B95277331D80040CD62 /* T-TestInfo.swift */; };
		947C8B98277331FB0040CD62 /* OneLegStanceInfo.swift in Sources */ = {isa = PBXBuildFile; fileRef = 947C8B97277331FB0040CD62 /* OneLegStanceInfo.swift */; };
		947C8B9A2773321A0040CD62 /* Sprint10m20m35mInfo.swift in Sources */ = {isa = PBXBuildFile; fileRef = 947C8B992773321A0040CD62 /* Sprint10m20m35mInfo.swift */; };
		947C8B9C277332670040CD62 /* Sprint10x5Info.swift in Sources */ = {isa = PBXBuildFile; fileRef = 947C8B9B277332670040CD62 /* Sprint10x5Info.swift */; };
		947C8B9E277332840040CD62 /* ShuttleRunInfo.swift in Sources */ = {isa = PBXBuildFile; fileRef = 947C8B9D277332840040CD62 /* ShuttleRunInfo.swift */; };
		947C8BA0277332970040CD62 /* YoYoInfo.swift in Sources */ = {isa = PBXBuildFile; fileRef = 947C8B9F277332970040CD62 /* YoYoInfo.swift */; };
		947C8BA2277332B00040CD62 /* LSPTInfo.swift in Sources */ = {isa = PBXBuildFile; fileRef = 947C8BA1277332B00040CD62 /* LSPTInfo.swift */; };
		947C8BA4277332C50040CD62 /* FSTInfo.swift in Sources */ = {isa = PBXBuildFile; fileRef = 947C8BA3277332C50040CD62 /* FSTInfo.swift */; };
		947C8BA6277332DA0040CD62 /* InsaitJoyInfo.swift in Sources */ = {isa = PBXBuildFile; fileRef = 947C8BA5277332DA0040CD62 /* InsaitJoyInfo.swift */; };
		947C8BA8277332F60040CD62 /* GiTInfo.swift in Sources */ = {isa = PBXBuildFile; fileRef = 947C8BA7277332F60040CD62 /* GiTInfo.swift */; };
		947C8BAA277333180040CD62 /* EyeCentreInfo.swift in Sources */ = {isa = PBXBuildFile; fileRef = 947C8BA9277333180040CD62 /* EyeCentreInfo.swift */; };
		947C8BAC277361F70040CD62 /* TestInfoView.swift in Sources */ = {isa = PBXBuildFile; fileRef = 947C8BAB277361F70040CD62 /* TestInfoView.swift */; };
		947F3F4A275E862E000C10CB /* LoggedInUser.swift in Sources */ = {isa = PBXBuildFile; fileRef = 947F3F49275E862E000C10CB /* LoggedInUser.swift */; };
		94A4186A278343F0009B8C41 /* PHVRequestBody.swift in Sources */ = {isa = PBXBuildFile; fileRef = 94A41869278343F0009B8C41 /* PHVRequestBody.swift */; };
		94A4186C27834499009B8C41 /* PHVRequest.swift in Sources */ = {isa = PBXBuildFile; fileRef = 94A4186B27834499009B8C41 /* PHVRequest.swift */; };
		94A4186E27835448009B8C41 /* SitAndReachRequest.swift in Sources */ = {isa = PBXBuildFile; fileRef = 94A4186D27835448009B8C41 /* SitAndReachRequest.swift */; };
		94A4187027835507009B8C41 /* SitAndReachRequestBody.swift in Sources */ = {isa = PBXBuildFile; fileRef = 94A4186F27835507009B8C41 /* SitAndReachRequestBody.swift */; };
		94BB5DE62785D1D400FB6B5A /* PlayerShuttleRunView.swift in Sources */ = {isa = PBXBuildFile; fileRef = 94BB5DE52785D1D400FB6B5A /* PlayerShuttleRunView.swift */; };
		94BB5DEA2785D75A00FB6B5A /* PlayerYoYoView.swift in Sources */ = {isa = PBXBuildFile; fileRef = 94BB5DE92785D75A00FB6B5A /* PlayerYoYoView.swift */; };
		94BB5DEC2785DD5200FB6B5A /* ShuttleRunRequest.swift in Sources */ = {isa = PBXBuildFile; fileRef = 94BB5DEB2785DD5200FB6B5A /* ShuttleRunRequest.swift */; };
		94BB5DEE2785DE8900FB6B5A /* YoYoRequest.swift in Sources */ = {isa = PBXBuildFile; fileRef = 94BB5DED2785DE8900FB6B5A /* YoYoRequest.swift */; };
		94BB5DF02785E4C300FB6B5A /* LSPTRequestBody.swift in Sources */ = {isa = PBXBuildFile; fileRef = 94BB5DEF2785E4C300FB6B5A /* LSPTRequestBody.swift */; };
		94BB5DF22785E59000FB6B5A /* LSPTRequest.swift in Sources */ = {isa = PBXBuildFile; fileRef = 94BB5DF12785E59000FB6B5A /* LSPTRequest.swift */; };
		94D729D5277F543400D071A7 /* InsaitJoyPractice.swift in Sources */ = {isa = PBXBuildFile; fileRef = 94D729D4277F543400D071A7 /* InsaitJoyPractice.swift */; };
		94E63DA8278B2C40009CAF5D /* SpecificTest.swift in Sources */ = {isa = PBXBuildFile; fileRef = 94E63DA7278B2C40009CAF5D /* SpecificTest.swift */; };
		94E63DAB278B35A7009CAF5D /* KTK3Test.swift in Sources */ = {isa = PBXBuildFile; fileRef = 94E63DAA278B35A7009CAF5D /* KTK3Test.swift */; };
		94E63DAD278B3747009CAF5D /* SitAndReachTest.swift in Sources */ = {isa = PBXBuildFile; fileRef = 94E63DAC278B3747009CAF5D /* SitAndReachTest.swift */; };
		94E63DAF278B378A009CAF5D /* PHVTest.swift in Sources */ = {isa = PBXBuildFile; fileRef = 94E63DAE278B378A009CAF5D /* PHVTest.swift */; };
		94E63DB1278B37B0009CAF5D /* TTestTest.swift in Sources */ = {isa = PBXBuildFile; fileRef = 94E63DB0278B37B0009CAF5D /* TTestTest.swift */; };
		94E63DB3278B3897009CAF5D /* Sprint10x5Test.swift in Sources */ = {isa = PBXBuildFile; fileRef = 94E63DB2278B3897009CAF5D /* Sprint10x5Test.swift */; };
		94E63DB5278B38D6009CAF5D /* OneLegStanceTest.swift in Sources */ = {isa = PBXBuildFile; fileRef = 94E63DB4278B38D6009CAF5D /* OneLegStanceTest.swift */; };
		94E63DB7278B3971009CAF5D /* IntervalShuttleRunTest.swift in Sources */ = {isa = PBXBuildFile; fileRef = 94E63DB6278B3971009CAF5D /* IntervalShuttleRunTest.swift */; };
		94E63DB9278B3998009CAF5D /* YoYoTest.swift in Sources */ = {isa = PBXBuildFile; fileRef = 94E63DB8278B3998009CAF5D /* YoYoTest.swift */; };
		94E63DBB278B39B2009CAF5D /* LSPTTest.swift in Sources */ = {isa = PBXBuildFile; fileRef = 94E63DBA278B39B2009CAF5D /* LSPTTest.swift */; };
		94E63DBD278B3A43009CAF5D /* FSTTest.swift in Sources */ = {isa = PBXBuildFile; fileRef = 94E63DBC278B3A43009CAF5D /* FSTTest.swift */; };
		94E63DBF278B3A6F009CAF5D /* FatPercentageTest.swift in Sources */ = {isa = PBXBuildFile; fileRef = 94E63DBE278B3A6F009CAF5D /* FatPercentageTest.swift */; };
		94E63DC1278B3AB2009CAF5D /* InsaitJoyTest.swift in Sources */ = {isa = PBXBuildFile; fileRef = 94E63DC0278B3AB2009CAF5D /* InsaitJoyTest.swift */; };
		94E63DC3278B3AF1009CAF5D /* GiTTest.swift in Sources */ = {isa = PBXBuildFile; fileRef = 94E63DC2278B3AF1009CAF5D /* GiTTest.swift */; };
		94E7F5E3275F5E770025644B /* UserResponse.swift in Sources */ = {isa = PBXBuildFile; fileRef = 94E7F5E2275F5E770025644B /* UserResponse.swift */; };
		94E7F5E5275FA27E0025644B /* TeamResponse.swift in Sources */ = {isa = PBXBuildFile; fileRef = 94E7F5E4275FA27E0025644B /* TeamResponse.swift */; };
		94E7F5E7275FB2E30025644B /* Team.swift in Sources */ = {isa = PBXBuildFile; fileRef = 94E7F5E6275FB2E30025644B /* Team.swift */; };
		94E7F5E9275FBC3A0025644B /* Player.swift in Sources */ = {isa = PBXBuildFile; fileRef = 94E7F5E8275FBC3A0025644B /* Player.swift */; };
		94E7F5EB275FEA000025644B /* KTK3Request.swift in Sources */ = {isa = PBXBuildFile; fileRef = 94E7F5EA275FEA000025644B /* KTK3Request.swift */; };
		94E7F5ED275FECCF0025644B /* KTK3RequestBody.swift in Sources */ = {isa = PBXBuildFile; fileRef = 94E7F5EC275FECCF0025644B /* KTK3RequestBody.swift */; };
		94FA16C9278490E100938748 /* TTestRequestBody.swift in Sources */ = {isa = PBXBuildFile; fileRef = 94FA16C8278490E100938748 /* TTestRequestBody.swift */; };
		94FA16CB2784915300938748 /* TTestRequest.swift in Sources */ = {isa = PBXBuildFile; fileRef = 94FA16CA2784915300938748 /* TTestRequest.swift */; };
		94FA16CD2784959400938748 /* Sprint10x5Request.swift in Sources */ = {isa = PBXBuildFile; fileRef = 94FA16CC2784959400938748 /* Sprint10x5Request.swift */; };
		94FA16CF278495DC00938748 /* Sprint10x5RequestBody.swift in Sources */ = {isa = PBXBuildFile; fileRef = 94FA16CE278495DC00938748 /* Sprint10x5RequestBody.swift */; };
		94FA16D12784C98300938748 /* OneLegStanceRequest.swift in Sources */ = {isa = PBXBuildFile; fileRef = 94FA16D02784C98300938748 /* OneLegStanceRequest.swift */; };
		94FA16D32784C9E100938748 /* OneLegStanceRequestBody.swift in Sources */ = {isa = PBXBuildFile; fileRef = 94FA16D22784C9E100938748 /* OneLegStanceRequestBody.swift */; };
/* End PBXBuildFile section */

/* Begin PBXContainerItemProxy section */
		73EB234427469450008111AE /* PBXContainerItemProxy */ = {
			isa = PBXContainerItemProxy;
			containerPortal = 73EB232B2746944E008111AE /* Project object */;
			proxyType = 1;
			remoteGlobalIDString = 73EB23322746944E008111AE;
			remoteInfo = TechnoleonApp;
		};
		73EB234E27469450008111AE /* PBXContainerItemProxy */ = {
			isa = PBXContainerItemProxy;
			containerPortal = 73EB232B2746944E008111AE /* Project object */;
			proxyType = 1;
			remoteGlobalIDString = 73EB23322746944E008111AE;
			remoteInfo = TechnoleonApp;
		};
/* End PBXContainerItemProxy section */

/* Begin PBXFileReference section */
		7338BAAA275D009400F42D2F /* LoginView.swift */ = {isa = PBXFileReference; lastKnownFileType = sourcecode.swift; path = LoginView.swift; sourceTree = "<group>"; };
		733B8B02275A9AE100E68F9E /* LatestResultsView.swift */ = {isa = PBXFileReference; lastKnownFileType = sourcecode.swift; path = LatestResultsView.swift; sourceTree = "<group>"; };
		733B8B04275A9B3C00E68F9E /* TeamOverviewView.swift */ = {isa = PBXFileReference; lastKnownFileType = sourcecode.swift; path = TeamOverviewView.swift; sourceTree = "<group>"; };
		733B8B06275A9F5500E68F9E /* ComparePlayerView.swift */ = {isa = PBXFileReference; lastKnownFileType = sourcecode.swift; path = ComparePlayerView.swift; sourceTree = "<group>"; };
		734C9A0E274E404B0077BFEB /* TestListView.swift */ = {isa = PBXFileReference; lastKnownFileType = sourcecode.swift; path = TestListView.swift; sourceTree = "<group>"; };
		734C9A10274E48260077BFEB /* PhysicalTestList.swift */ = {isa = PBXFileReference; lastKnownFileType = sourcecode.swift; path = PhysicalTestList.swift; sourceTree = "<group>"; };
		734C9A12274E51600077BFEB /* KTK3View.swift */ = {isa = PBXFileReference; lastKnownFileType = sourcecode.swift; path = KTK3View.swift; sourceTree = "<group>"; };
		734C9A14274E8C310077BFEB /* KTK3MovingSidewaysView.swift */ = {isa = PBXFileReference; lastKnownFileType = sourcecode.swift; path = KTK3MovingSidewaysView.swift; sourceTree = "<group>"; };
		734C9A16274E8CA30077BFEB /* KTK3Balk1View.swift */ = {isa = PBXFileReference; lastKnownFileType = sourcecode.swift; path = KTK3Balk1View.swift; sourceTree = "<group>"; };
		734C9A18274E8DCA0077BFEB /* KTK3Balk2View.swift */ = {isa = PBXFileReference; lastKnownFileType = sourcecode.swift; path = KTK3Balk2View.swift; sourceTree = "<group>"; };
		734C9A1A274E8E540077BFEB /* KTK3Balk3View.swift */ = {isa = PBXFileReference; lastKnownFileType = sourcecode.swift; path = KTK3Balk3View.swift; sourceTree = "<group>"; };
		734C9A1C274E8F4E0077BFEB /* KTK3HandEyeView.swift */ = {isa = PBXFileReference; lastKnownFileType = sourcecode.swift; path = KTK3HandEyeView.swift; sourceTree = "<group>"; };
		734CDD8D275BA30900697CEE /* TechnoleonAPI.swift */ = {isa = PBXFileReference; lastKnownFileType = sourcecode.swift; path = TechnoleonAPI.swift; sourceTree = "<group>"; };
		734CDD8F275BA52000697CEE /* LoginRequest.swift */ = {isa = PBXFileReference; lastKnownFileType = sourcecode.swift; path = LoginRequest.swift; sourceTree = "<group>"; };
		734CDD94275BB61D00697CEE /* LoginResponse.swift */ = {isa = PBXFileReference; lastKnownFileType = sourcecode.swift; path = LoginResponse.swift; sourceTree = "<group>"; };
		7363E07A274CE84600FD5BBD /* TeamSelectionView.swift */ = {isa = PBXFileReference; lastKnownFileType = sourcecode.swift; path = TeamSelectionView.swift; sourceTree = "<group>"; };
		7363E07E274CF9C700FD5BBD /* PlayerSelectionView.swift */ = {isa = PBXFileReference; lastKnownFileType = sourcecode.swift; path = PlayerSelectionView.swift; sourceTree = "<group>"; };
		7391B8F6274BECB80003BDDC /* TestCategoriesView.swift */ = {isa = PBXFileReference; lastKnownFileType = sourcecode.swift; path = TestCategoriesView.swift; sourceTree = "<group>"; };
		7391B8FA274BEFA20003BDDC /* ProfileView.swift */ = {isa = PBXFileReference; lastKnownFileType = sourcecode.swift; path = ProfileView.swift; sourceTree = "<group>"; };
		73975782274942D900A17B6E /* NavigationBar.swift */ = {isa = PBXFileReference; lastKnownFileType = sourcecode.swift; path = NavigationBar.swift; sourceTree = "<group>"; };
		73975784274946A200A17B6E /* ViewExtension.swift */ = {isa = PBXFileReference; lastKnownFileType = sourcecode.swift; path = ViewExtension.swift; sourceTree = "<group>"; };
		73CB304D27567EA900BF15AD /* Fysiek.json */ = {isa = PBXFileReference; lastKnownFileType = text.json; path = Fysiek.json; sourceTree = "<group>"; };
		73CB304F27567EDC00BF15AD /* Technisch.json */ = {isa = PBXFileReference; lastKnownFileType = text.json; path = Technisch.json; sourceTree = "<group>"; };
		73CB305127567F3000BF15AD /* Cognitief.json */ = {isa = PBXFileReference; lastKnownFileType = text.json; path = Cognitief.json; sourceTree = "<group>"; };
		73E59D642758FBDB005545F3 /* OverviewView.swift */ = {isa = PBXFileReference; lastKnownFileType = sourcecode.swift; path = OverviewView.swift; sourceTree = "<group>"; };
		73E5B607274F951600EBFE9E /* EndOfTestView.swift */ = {isa = PBXFileReference; lastKnownFileType = sourcecode.swift; path = EndOfTestView.swift; sourceTree = "<group>"; };
		73EB23332746944E008111AE /* TechnoleonApp.app */ = {isa = PBXFileReference; explicitFileType = wrapper.application; includeInIndex = 0; path = TechnoleonApp.app; sourceTree = BUILT_PRODUCTS_DIR; };
		73EB23362746944E008111AE /* TechnoleonAppApp.swift */ = {isa = PBXFileReference; lastKnownFileType = sourcecode.swift; path = TechnoleonAppApp.swift; sourceTree = "<group>"; };
		73EB23382746944E008111AE /* ContentView.swift */ = {isa = PBXFileReference; lastKnownFileType = sourcecode.swift; path = ContentView.swift; sourceTree = "<group>"; };
		73EB233A27469450008111AE /* Assets.xcassets */ = {isa = PBXFileReference; lastKnownFileType = folder.assetcatalog; path = Assets.xcassets; sourceTree = "<group>"; };
		73EB233D27469450008111AE /* Preview Assets.xcassets */ = {isa = PBXFileReference; lastKnownFileType = folder.assetcatalog; path = "Preview Assets.xcassets"; sourceTree = "<group>"; };
		73EB234327469450008111AE /* TechnoleonAppTests.xctest */ = {isa = PBXFileReference; explicitFileType = wrapper.cfbundle; includeInIndex = 0; path = TechnoleonAppTests.xctest; sourceTree = BUILT_PRODUCTS_DIR; };
		73EB234727469450008111AE /* TechnoleonAppTests.swift */ = {isa = PBXFileReference; lastKnownFileType = sourcecode.swift; path = TechnoleonAppTests.swift; sourceTree = "<group>"; };
		73EB234D27469450008111AE /* TechnoleonAppUITests.xctest */ = {isa = PBXFileReference; explicitFileType = wrapper.cfbundle; includeInIndex = 0; path = TechnoleonAppUITests.xctest; sourceTree = BUILT_PRODUCTS_DIR; };
		73EB235127469450008111AE /* TechnoleonAppUITests.swift */ = {isa = PBXFileReference; lastKnownFileType = sourcecode.swift; path = TechnoleonAppUITests.swift; sourceTree = "<group>"; };
		73EB235327469450008111AE /* TechnoleonAppUITestsLaunchTests.swift */ = {isa = PBXFileReference; lastKnownFileType = sourcecode.swift; path = TechnoleonAppUITestsLaunchTests.swift; sourceTree = "<group>"; };
		94071ED7276109F300FFB8B4 /* setTestReponse.swift */ = {isa = PBXFileReference; lastKnownFileType = sourcecode.swift; path = setTestReponse.swift; sourceTree = "<group>"; };
		94071ED92761163200FFB8B4 /* TimerMode.swift */ = {isa = PBXFileReference; lastKnownFileType = sourcecode.swift; path = TimerMode.swift; sourceTree = "<group>"; };
		94071EDB2761177000FFB8B4 /* TimerManager.swift */ = {isa = PBXFileReference; lastKnownFileType = sourcecode.swift; path = TimerManager.swift; sourceTree = "<group>"; };
		94071EDD2761294900FFB8B4 /* OverviewPlayerView.swift */ = {isa = PBXFileReference; lastKnownFileType = sourcecode.swift; path = OverviewPlayerView.swift; sourceTree = "<group>"; };
		94071EDF276130C300FFB8B4 /* ProfilePlayerView.swift */ = {isa = PBXFileReference; lastKnownFileType = sourcecode.swift; path = ProfilePlayerView.swift; sourceTree = "<group>"; };
		9426D2B9278D8895009B6541 /* OverviewTestItem.swift */ = {isa = PBXFileReference; lastKnownFileType = sourcecode.swift; path = OverviewTestItem.swift; sourceTree = "<group>"; };
		9426D2BB278D8BAE009B6541 /* TestLists.swift */ = {isa = PBXFileReference; lastKnownFileType = sourcecode.swift; path = TestLists.swift; sourceTree = "<group>"; };
		942E3126278729CB00A96991 /* FSTRequest.swift */ = {isa = PBXFileReference; lastKnownFileType = sourcecode.swift; path = FSTRequest.swift; sourceTree = "<group>"; };
		942E312827872A4E00A96991 /* FSTRequestBody.swift */ = {isa = PBXFileReference; lastKnownFileType = sourcecode.swift; path = FSTRequestBody.swift; sourceTree = "<group>"; };
		942E312A27873B5900A96991 /* FatPercentageRequest.swift */ = {isa = PBXFileReference; lastKnownFileType = sourcecode.swift; path = FatPercentageRequest.swift; sourceTree = "<group>"; };
		942E312C27873BEE00A96991 /* FatPercentageRequestBody.swift */ = {isa = PBXFileReference; lastKnownFileType = sourcecode.swift; path = FatPercentageRequestBody.swift; sourceTree = "<group>"; };
		943758802771D36C001D3222 /* UserPlayerResponse.swift */ = {isa = PBXFileReference; lastKnownFileType = sourcecode.swift; path = UserPlayerResponse.swift; sourceTree = "<group>"; };
		9438A7AC2770BCA40023E40C /* Test.swift */ = {isa = PBXFileReference; lastKnownFileType = sourcecode.swift; path = Test.swift; sourceTree = "<group>"; };
		9438A7AE2770CD190023E40C /* MatchTestList.swift */ = {isa = PBXFileReference; lastKnownFileType = sourcecode.swift; path = MatchTestList.swift; sourceTree = "<group>"; };
		9438A7B02770CF180023E40C /* TechnicalTestList.swift */ = {isa = PBXFileReference; lastKnownFileType = sourcecode.swift; path = TechnicalTestList.swift; sourceTree = "<group>"; };
		9438A7B22770CF360023E40C /* CognitiveTestList.swift */ = {isa = PBXFileReference; lastKnownFileType = sourcecode.swift; path = CognitiveTestList.swift; sourceTree = "<group>"; };
		9438A7B42770CF480023E40C /* MentalTestList.swift */ = {isa = PBXFileReference; lastKnownFileType = sourcecode.swift; path = MentalTestList.swift; sourceTree = "<group>"; };
		946768B52788449400393708 /* InsaitJoyRequest.swift */ = {isa = PBXFileReference; lastKnownFileType = sourcecode.swift; path = InsaitJoyRequest.swift; sourceTree = "<group>"; };
		946768B72788453A00393708 /* InsaitJoyRequestBody.swift */ = {isa = PBXFileReference; lastKnownFileType = sourcecode.swift; path = InsaitJoyRequestBody.swift; sourceTree = "<group>"; };
		946768BA278873AA00393708 /* GiTRoundView.swift */ = {isa = PBXFileReference; lastKnownFileType = sourcecode.swift; path = GiTRoundView.swift; sourceTree = "<group>"; };
		946768BC2788792E00393708 /* GiTRound.swift */ = {isa = PBXFileReference; lastKnownFileType = sourcecode.swift; path = GiTRound.swift; sourceTree = "<group>"; };
		946768BE278883EE00393708 /* GiTRoundManager.swift */ = {isa = PBXFileReference; lastKnownFileType = sourcecode.swift; path = GiTRoundManager.swift; sourceTree = "<group>"; };
		94719BAF2773766D00F164C1 /* StopwatchManager.swift */ = {isa = PBXFileReference; lastKnownFileType = sourcecode.swift; path = StopwatchManager.swift; sourceTree = "<group>"; };
		947C8B6A277324FA0040CD62 /* KTK3Info.swift */ = {isa = PBXFileReference; lastKnownFileType = sourcecode.swift; path = KTK3Info.swift; sourceTree = "<group>"; };
		947C8B6C277328810040CD62 /* PHVView.swift */ = {isa = PBXFileReference; lastKnownFileType = sourcecode.swift; path = PHVView.swift; sourceTree = "<group>"; };
		947C8B6E277328B10040CD62 /* SitAndReachView.swift */ = {isa = PBXFileReference; lastKnownFileType = sourcecode.swift; path = SitAndReachView.swift; sourceTree = "<group>"; };
		947C8B70277328F90040CD62 /* VetPercentageView.swift */ = {isa = PBXFileReference; lastKnownFileType = sourcecode.swift; path = VetPercentageView.swift; sourceTree = "<group>"; };
		947C8B72277329080040CD62 /* T-TestView.swift */ = {isa = PBXFileReference; lastKnownFileType = sourcecode.swift; path = "T-TestView.swift"; sourceTree = "<group>"; };
		947C8B75277329390040CD62 /* OneLegStanceLeft.swift */ = {isa = PBXFileReference; lastKnownFileType = sourcecode.swift; path = OneLegStanceLeft.swift; sourceTree = "<group>"; };
		947C8B77277329460040CD62 /* OneLegStanceRight.swift */ = {isa = PBXFileReference; lastKnownFileType = sourcecode.swift; path = OneLegStanceRight.swift; sourceTree = "<group>"; };
		947C8B7D27732A580040CD62 /* Sprint10m20m35mView.swift */ = {isa = PBXFileReference; lastKnownFileType = sourcecode.swift; path = Sprint10m20m35mView.swift; sourceTree = "<group>"; };
		947C8B7F27732A6D0040CD62 /* Sprint10x5mView.swift */ = {isa = PBXFileReference; lastKnownFileType = sourcecode.swift; path = Sprint10x5mView.swift; sourceTree = "<group>"; };
		947C8B8127732A860040CD62 /* ShuttleRunView.swift */ = {isa = PBXFileReference; lastKnownFileType = sourcecode.swift; path = ShuttleRunView.swift; sourceTree = "<group>"; };
		947C8B8327732A940040CD62 /* YoYoView.swift */ = {isa = PBXFileReference; lastKnownFileType = sourcecode.swift; path = YoYoView.swift; sourceTree = "<group>"; };
		947C8B8527732AAB0040CD62 /* LSPTView.swift */ = {isa = PBXFileReference; lastKnownFileType = sourcecode.swift; path = LSPTView.swift; sourceTree = "<group>"; };
		947C8B8727732AB60040CD62 /* FSTView.swift */ = {isa = PBXFileReference; lastKnownFileType = sourcecode.swift; path = FSTView.swift; sourceTree = "<group>"; };
		947C8B8927732AD10040CD62 /* InsaitJoyView.swift */ = {isa = PBXFileReference; lastKnownFileType = sourcecode.swift; path = InsaitJoyView.swift; sourceTree = "<group>"; };
		947C8B8B27732B120040CD62 /* GiTView.swift */ = {isa = PBXFileReference; lastKnownFileType = sourcecode.swift; path = GiTView.swift; sourceTree = "<group>"; };
		947C8B8D27732D310040CD62 /* PHVInfo.swift */ = {isa = PBXFileReference; lastKnownFileType = sourcecode.swift; path = PHVInfo.swift; sourceTree = "<group>"; };
		947C8B8F277330C10040CD62 /* TestInfo.swift */ = {isa = PBXFileReference; lastKnownFileType = sourcecode.swift; path = TestInfo.swift; sourceTree = "<group>"; };
		947C8B912773316C0040CD62 /* SitAndReachInfo.swift */ = {isa = PBXFileReference; lastKnownFileType = sourcecode.swift; path = SitAndReachInfo.swift; sourceTree = "<group>"; };
		947C8B93277331AB0040CD62 /* VetPercentageInfo.swift */ = {isa = PBXFileReference; lastKnownFileType = sourcecode.swift; path = VetPercentageInfo.swift; sourceTree = "<group>"; };
		947C8B95277331D80040CD62 /* T-TestInfo.swift */ = {isa = PBXFileReference; lastKnownFileType = sourcecode.swift; path = "T-TestInfo.swift"; sourceTree = "<group>"; };
		947C8B97277331FB0040CD62 /* OneLegStanceInfo.swift */ = {isa = PBXFileReference; lastKnownFileType = sourcecode.swift; path = OneLegStanceInfo.swift; sourceTree = "<group>"; };
		947C8B992773321A0040CD62 /* Sprint10m20m35mInfo.swift */ = {isa = PBXFileReference; lastKnownFileType = sourcecode.swift; path = Sprint10m20m35mInfo.swift; sourceTree = "<group>"; };
		947C8B9B277332670040CD62 /* Sprint10x5Info.swift */ = {isa = PBXFileReference; lastKnownFileType = sourcecode.swift; path = Sprint10x5Info.swift; sourceTree = "<group>"; };
		947C8B9D277332840040CD62 /* ShuttleRunInfo.swift */ = {isa = PBXFileReference; lastKnownFileType = sourcecode.swift; path = ShuttleRunInfo.swift; sourceTree = "<group>"; };
		947C8B9F277332970040CD62 /* YoYoInfo.swift */ = {isa = PBXFileReference; lastKnownFileType = sourcecode.swift; path = YoYoInfo.swift; sourceTree = "<group>"; };
		947C8BA1277332B00040CD62 /* LSPTInfo.swift */ = {isa = PBXFileReference; lastKnownFileType = sourcecode.swift; path = LSPTInfo.swift; sourceTree = "<group>"; };
		947C8BA3277332C50040CD62 /* FSTInfo.swift */ = {isa = PBXFileReference; lastKnownFileType = sourcecode.swift; path = FSTInfo.swift; sourceTree = "<group>"; };
		947C8BA5277332DA0040CD62 /* InsaitJoyInfo.swift */ = {isa = PBXFileReference; lastKnownFileType = sourcecode.swift; path = InsaitJoyInfo.swift; sourceTree = "<group>"; };
		947C8BA7277332F60040CD62 /* GiTInfo.swift */ = {isa = PBXFileReference; lastKnownFileType = sourcecode.swift; path = GiTInfo.swift; sourceTree = "<group>"; };
		947C8BA9277333180040CD62 /* EyeCentreInfo.swift */ = {isa = PBXFileReference; lastKnownFileType = sourcecode.swift; path = EyeCentreInfo.swift; sourceTree = "<group>"; };
		947C8BAB277361F70040CD62 /* TestInfoView.swift */ = {isa = PBXFileReference; lastKnownFileType = sourcecode.swift; path = TestInfoView.swift; sourceTree = "<group>"; };
		947F3F49275E862E000C10CB /* LoggedInUser.swift */ = {isa = PBXFileReference; lastKnownFileType = sourcecode.swift; path = LoggedInUser.swift; sourceTree = "<group>"; };
		94A41869278343F0009B8C41 /* PHVRequestBody.swift */ = {isa = PBXFileReference; lastKnownFileType = sourcecode.swift; path = PHVRequestBody.swift; sourceTree = "<group>"; };
		94A4186B27834499009B8C41 /* PHVRequest.swift */ = {isa = PBXFileReference; lastKnownFileType = sourcecode.swift; path = PHVRequest.swift; sourceTree = "<group>"; };
		94A4186D27835448009B8C41 /* SitAndReachRequest.swift */ = {isa = PBXFileReference; lastKnownFileType = sourcecode.swift; path = SitAndReachRequest.swift; sourceTree = "<group>"; };
		94A4186F27835507009B8C41 /* SitAndReachRequestBody.swift */ = {isa = PBXFileReference; lastKnownFileType = sourcecode.swift; path = SitAndReachRequestBody.swift; sourceTree = "<group>"; };
		94BB5DE52785D1D400FB6B5A /* PlayerShuttleRunView.swift */ = {isa = PBXFileReference; lastKnownFileType = sourcecode.swift; path = PlayerShuttleRunView.swift; sourceTree = "<group>"; };
		94BB5DE92785D75A00FB6B5A /* PlayerYoYoView.swift */ = {isa = PBXFileReference; lastKnownFileType = sourcecode.swift; path = PlayerYoYoView.swift; sourceTree = "<group>"; };
		94BB5DEB2785DD5200FB6B5A /* ShuttleRunRequest.swift */ = {isa = PBXFileReference; lastKnownFileType = sourcecode.swift; path = ShuttleRunRequest.swift; sourceTree = "<group>"; };
		94BB5DED2785DE8900FB6B5A /* YoYoRequest.swift */ = {isa = PBXFileReference; lastKnownFileType = sourcecode.swift; path = YoYoRequest.swift; sourceTree = "<group>"; };
		94BB5DEF2785E4C300FB6B5A /* LSPTRequestBody.swift */ = {isa = PBXFileReference; lastKnownFileType = sourcecode.swift; path = LSPTRequestBody.swift; sourceTree = "<group>"; };
		94BB5DF12785E59000FB6B5A /* LSPTRequest.swift */ = {isa = PBXFileReference; lastKnownFileType = sourcecode.swift; path = LSPTRequest.swift; sourceTree = "<group>"; };
		94D729D4277F543400D071A7 /* InsaitJoyPractice.swift */ = {isa = PBXFileReference; lastKnownFileType = sourcecode.swift; path = InsaitJoyPractice.swift; sourceTree = "<group>"; };
		94E63DA7278B2C40009CAF5D /* SpecificTest.swift */ = {isa = PBXFileReference; lastKnownFileType = sourcecode.swift; path = SpecificTest.swift; sourceTree = "<group>"; };
		94E63DAA278B35A7009CAF5D /* KTK3Test.swift */ = {isa = PBXFileReference; lastKnownFileType = sourcecode.swift; path = KTK3Test.swift; sourceTree = "<group>"; };
		94E63DAC278B3747009CAF5D /* SitAndReachTest.swift */ = {isa = PBXFileReference; lastKnownFileType = sourcecode.swift; path = SitAndReachTest.swift; sourceTree = "<group>"; };
		94E63DAE278B378A009CAF5D /* PHVTest.swift */ = {isa = PBXFileReference; lastKnownFileType = sourcecode.swift; path = PHVTest.swift; sourceTree = "<group>"; };
		94E63DB0278B37B0009CAF5D /* TTestTest.swift */ = {isa = PBXFileReference; lastKnownFileType = sourcecode.swift; path = TTestTest.swift; sourceTree = "<group>"; };
		94E63DB2278B3897009CAF5D /* Sprint10x5Test.swift */ = {isa = PBXFileReference; lastKnownFileType = sourcecode.swift; path = Sprint10x5Test.swift; sourceTree = "<group>"; };
		94E63DB4278B38D6009CAF5D /* OneLegStanceTest.swift */ = {isa = PBXFileReference; lastKnownFileType = sourcecode.swift; path = OneLegStanceTest.swift; sourceTree = "<group>"; };
		94E63DB6278B3971009CAF5D /* IntervalShuttleRunTest.swift */ = {isa = PBXFileReference; lastKnownFileType = sourcecode.swift; path = IntervalShuttleRunTest.swift; sourceTree = "<group>"; };
		94E63DB8278B3998009CAF5D /* YoYoTest.swift */ = {isa = PBXFileReference; lastKnownFileType = sourcecode.swift; path = YoYoTest.swift; sourceTree = "<group>"; };
		94E63DBA278B39B2009CAF5D /* LSPTTest.swift */ = {isa = PBXFileReference; lastKnownFileType = sourcecode.swift; path = LSPTTest.swift; sourceTree = "<group>"; };
		94E63DBC278B3A43009CAF5D /* FSTTest.swift */ = {isa = PBXFileReference; lastKnownFileType = sourcecode.swift; path = FSTTest.swift; sourceTree = "<group>"; };
		94E63DBE278B3A6F009CAF5D /* FatPercentageTest.swift */ = {isa = PBXFileReference; lastKnownFileType = sourcecode.swift; path = FatPercentageTest.swift; sourceTree = "<group>"; };
		94E63DC0278B3AB2009CAF5D /* InsaitJoyTest.swift */ = {isa = PBXFileReference; lastKnownFileType = sourcecode.swift; path = InsaitJoyTest.swift; sourceTree = "<group>"; };
		94E63DC2278B3AF1009CAF5D /* GiTTest.swift */ = {isa = PBXFileReference; lastKnownFileType = sourcecode.swift; path = GiTTest.swift; sourceTree = "<group>"; };
		94E7F5E2275F5E770025644B /* UserResponse.swift */ = {isa = PBXFileReference; lastKnownFileType = sourcecode.swift; path = UserResponse.swift; sourceTree = "<group>"; };
		94E7F5E4275FA27E0025644B /* TeamResponse.swift */ = {isa = PBXFileReference; lastKnownFileType = sourcecode.swift; path = TeamResponse.swift; sourceTree = "<group>"; };
		94E7F5E6275FB2E30025644B /* Team.swift */ = {isa = PBXFileReference; lastKnownFileType = sourcecode.swift; path = Team.swift; sourceTree = "<group>"; };
		94E7F5E8275FBC3A0025644B /* Player.swift */ = {isa = PBXFileReference; lastKnownFileType = sourcecode.swift; path = Player.swift; sourceTree = "<group>"; };
		94E7F5EA275FEA000025644B /* KTK3Request.swift */ = {isa = PBXFileReference; lastKnownFileType = sourcecode.swift; path = KTK3Request.swift; sourceTree = "<group>"; };
		94E7F5EC275FECCF0025644B /* KTK3RequestBody.swift */ = {isa = PBXFileReference; lastKnownFileType = sourcecode.swift; path = KTK3RequestBody.swift; sourceTree = "<group>"; };
		94FA16C8278490E100938748 /* TTestRequestBody.swift */ = {isa = PBXFileReference; lastKnownFileType = sourcecode.swift; path = TTestRequestBody.swift; sourceTree = "<group>"; };
		94FA16CA2784915300938748 /* TTestRequest.swift */ = {isa = PBXFileReference; lastKnownFileType = sourcecode.swift; path = TTestRequest.swift; sourceTree = "<group>"; };
		94FA16CC2784959400938748 /* Sprint10x5Request.swift */ = {isa = PBXFileReference; lastKnownFileType = sourcecode.swift; path = Sprint10x5Request.swift; sourceTree = "<group>"; };
		94FA16CE278495DC00938748 /* Sprint10x5RequestBody.swift */ = {isa = PBXFileReference; lastKnownFileType = sourcecode.swift; path = Sprint10x5RequestBody.swift; sourceTree = "<group>"; };
		94FA16D02784C98300938748 /* OneLegStanceRequest.swift */ = {isa = PBXFileReference; lastKnownFileType = sourcecode.swift; path = OneLegStanceRequest.swift; sourceTree = "<group>"; };
		94FA16D22784C9E100938748 /* OneLegStanceRequestBody.swift */ = {isa = PBXFileReference; lastKnownFileType = sourcecode.swift; path = OneLegStanceRequestBody.swift; sourceTree = "<group>"; };
/* End PBXFileReference section */

/* Begin PBXFrameworksBuildPhase section */
		73EB23302746944E008111AE /* Frameworks */ = {
			isa = PBXFrameworksBuildPhase;
			buildActionMask = 2147483647;
			files = (
				7338BAAE275D399C00F42D2F /* JWTDecode in Frameworks */,
				734CDD93275BA5BB00697CEE /* KeychainAccess in Frameworks */,
			);
			runOnlyForDeploymentPostprocessing = 0;
		};
		73EB234027469450008111AE /* Frameworks */ = {
			isa = PBXFrameworksBuildPhase;
			buildActionMask = 2147483647;
			files = (
			);
			runOnlyForDeploymentPostprocessing = 0;
		};
		73EB234A27469450008111AE /* Frameworks */ = {
			isa = PBXFrameworksBuildPhase;
			buildActionMask = 2147483647;
			files = (
			);
			runOnlyForDeploymentPostprocessing = 0;
		};
/* End PBXFrameworksBuildPhase section */

/* Begin PBXGroup section */
		73EB232A2746944E008111AE = {
			isa = PBXGroup;
			children = (
				73CB304F27567EDC00BF15AD /* Technisch.json */,
				73CB305127567F3000BF15AD /* Cognitief.json */,
				73CB304D27567EA900BF15AD /* Fysiek.json */,
				73EB23352746944E008111AE /* TechnoleonApp */,
				73EB234627469450008111AE /* TechnoleonAppTests */,
				73EB235027469450008111AE /* TechnoleonAppUITests */,
				73EB23342746944E008111AE /* Products */,
			);
			sourceTree = "<group>";
		};
		73EB23342746944E008111AE /* Products */ = {
			isa = PBXGroup;
			children = (
				73EB23332746944E008111AE /* TechnoleonApp.app */,
				73EB234327469450008111AE /* TechnoleonAppTests.xctest */,
				73EB234D27469450008111AE /* TechnoleonAppUITests.xctest */,
			);
			name = Products;
			sourceTree = "<group>";
		};
		73EB23352746944E008111AE /* TechnoleonApp */ = {
			isa = PBXGroup;
			children = (
				73EB233A27469450008111AE /* Assets.xcassets */,
				73EB233C27469450008111AE /* Preview Content */,
				94A4187127835C18009B8C41 /* Responses */,
				94A4187227835C21009B8C41 /* Requests */,
				947C8B68277323490040CD62 /* TrainerViews */,
				947C8B67277323410040CD62 /* PlayerViews */,
				94E63DA9278B3583009CAF5D /* TestBody */,
				947C8B66277323350040CD62 /* TestViews */,
				947C8B65277323240040CD62 /* TestInfo */,
				73975782274942D900A17B6E /* NavigationBar.swift */,
				73EB23382746944E008111AE /* ContentView.swift */,
				73EB23362746944E008111AE /* TechnoleonAppApp.swift */,
				73975784274946A200A17B6E /* ViewExtension.swift */,
				734CDD8D275BA30900697CEE /* TechnoleonAPI.swift */,
				7338BAAA275D009400F42D2F /* LoginView.swift */,
				947F3F49275E862E000C10CB /* LoggedInUser.swift */,
				94E7F5E6275FB2E30025644B /* Team.swift */,
				94E7F5E8275FBC3A0025644B /* Player.swift */,
				94071ED92761163200FFB8B4 /* TimerMode.swift */,
				94071EDB2761177000FFB8B4 /* TimerManager.swift */,
				9438A7AC2770BCA40023E40C /* Test.swift */,
				94719BAF2773766D00F164C1 /* StopwatchManager.swift */,
				946768BC2788792E00393708 /* GiTRound.swift */,
				946768BE278883EE00393708 /* GiTRoundManager.swift */,
				94E63DA7278B2C40009CAF5D /* SpecificTest.swift */,
				9426D2B9278D8895009B6541 /* OverviewTestItem.swift */,
				9426D2BB278D8BAE009B6541 /* TestLists.swift */,
			);
			path = TechnoleonApp;
			sourceTree = "<group>";
		};
		73EB233C27469450008111AE /* Preview Content */ = {
			isa = PBXGroup;
			children = (
				73EB233D27469450008111AE /* Preview Assets.xcassets */,
			);
			path = "Preview Content";
			sourceTree = "<group>";
		};
		73EB234627469450008111AE /* TechnoleonAppTests */ = {
			isa = PBXGroup;
			children = (
				73EB234727469450008111AE /* TechnoleonAppTests.swift */,
			);
			path = TechnoleonAppTests;
			sourceTree = "<group>";
		};
		73EB235027469450008111AE /* TechnoleonAppUITests */ = {
			isa = PBXGroup;
			children = (
				73EB235127469450008111AE /* TechnoleonAppUITests.swift */,
				73EB235327469450008111AE /* TechnoleonAppUITestsLaunchTests.swift */,
			);
			path = TechnoleonAppUITests;
			sourceTree = "<group>";
		};
		946768B92788739400393708 /* GiT */ = {
			isa = PBXGroup;
			children = (
				947C8B8B27732B120040CD62 /* GiTView.swift */,
				946768BA278873AA00393708 /* GiTRoundView.swift */,
			);
			name = GiT;
			sourceTree = "<group>";
		};
		947C8B65277323240040CD62 /* TestInfo */ = {
			isa = PBXGroup;
			children = (
				947C8B8F277330C10040CD62 /* TestInfo.swift */,
				947C8B6A277324FA0040CD62 /* KTK3Info.swift */,
				947C8B8D27732D310040CD62 /* PHVInfo.swift */,
				947C8B912773316C0040CD62 /* SitAndReachInfo.swift */,
				947C8B93277331AB0040CD62 /* VetPercentageInfo.swift */,
				947C8B95277331D80040CD62 /* T-TestInfo.swift */,
				947C8B97277331FB0040CD62 /* OneLegStanceInfo.swift */,
				947C8B992773321A0040CD62 /* Sprint10m20m35mInfo.swift */,
				947C8B9B277332670040CD62 /* Sprint10x5Info.swift */,
				947C8B9D277332840040CD62 /* ShuttleRunInfo.swift */,
				947C8B9F277332970040CD62 /* YoYoInfo.swift */,
				947C8BA1277332B00040CD62 /* LSPTInfo.swift */,
				947C8BA3277332C50040CD62 /* FSTInfo.swift */,
				947C8BA5277332DA0040CD62 /* InsaitJoyInfo.swift */,
				947C8BA7277332F60040CD62 /* GiTInfo.swift */,
				947C8BA9277333180040CD62 /* EyeCentreInfo.swift */,
			);
			path = TestInfo;
			sourceTree = "<group>";
		};
		947C8B66277323350040CD62 /* TestViews */ = {
			isa = PBXGroup;
			children = (
				947C8B69277323DE0040CD62 /* KTK3 */,
				947C8B6E277328B10040CD62 /* SitAndReachView.swift */,
				947C8B6C277328810040CD62 /* PHVView.swift */,
				947C8B70277328F90040CD62 /* VetPercentageView.swift */,
				947C8B72277329080040CD62 /* T-TestView.swift */,
				947C8B74277329220040CD62 /* OneLegStance */,
				947C8B7D27732A580040CD62 /* Sprint10m20m35mView.swift */,
				947C8B7F27732A6D0040CD62 /* Sprint10x5mView.swift */,
				94BB5DE72785D68400FB6B5A /* ShuttleRun */,
				94BB5DE82785D6C800FB6B5A /* YoYo */,
				947C8B8527732AAB0040CD62 /* LSPTView.swift */,
				947C8B8727732AB60040CD62 /* FSTView.swift */,
				94D729D3277F53A600D071A7 /* Insait Joy */,
				946768B92788739400393708 /* GiT */,
				947C8BAB277361F70040CD62 /* TestInfoView.swift */,
			);
			name = TestViews;
			sourceTree = "<group>";
		};
		947C8B67277323410040CD62 /* PlayerViews */ = {
			isa = PBXGroup;
			children = (
				94071EDD2761294900FFB8B4 /* OverviewPlayerView.swift */,
				94071EDF276130C300FFB8B4 /* ProfilePlayerView.swift */,
			);
			path = PlayerViews;
			sourceTree = "<group>";
		};
		947C8B68277323490040CD62 /* TrainerViews */ = {
			isa = PBXGroup;
			children = (
				7391B8F6274BECB80003BDDC /* TestCategoriesView.swift */,
				7391B8FA274BEFA20003BDDC /* ProfileView.swift */,
				7363E07A274CE84600FD5BBD /* TeamSelectionView.swift */,
				7363E07E274CF9C700FD5BBD /* PlayerSelectionView.swift */,
				734C9A0E274E404B0077BFEB /* TestListView.swift */,
				734C9A10274E48260077BFEB /* PhysicalTestList.swift */,
				9438A7AE2770CD190023E40C /* MatchTestList.swift */,
				9438A7B22770CF360023E40C /* CognitiveTestList.swift */,
				9438A7B42770CF480023E40C /* MentalTestList.swift */,
				9438A7B02770CF180023E40C /* TechnicalTestList.swift */,
				73E5B607274F951600EBFE9E /* EndOfTestView.swift */,
				733B8B02275A9AE100E68F9E /* LatestResultsView.swift */,
				73E59D642758FBDB005545F3 /* OverviewView.swift */,
				733B8B04275A9B3C00E68F9E /* TeamOverviewView.swift */,
				733B8B06275A9F5500E68F9E /* ComparePlayerView.swift */,
			);
			path = TrainerViews;
			sourceTree = "<group>";
		};
		947C8B69277323DE0040CD62 /* KTK3 */ = {
			isa = PBXGroup;
			children = (
				734C9A12274E51600077BFEB /* KTK3View.swift */,
				734C9A14274E8C310077BFEB /* KTK3MovingSidewaysView.swift */,
				734C9A16274E8CA30077BFEB /* KTK3Balk1View.swift */,
				734C9A18274E8DCA0077BFEB /* KTK3Balk2View.swift */,
				734C9A1A274E8E540077BFEB /* KTK3Balk3View.swift */,
				734C9A1C274E8F4E0077BFEB /* KTK3HandEyeView.swift */,
			);
			name = KTK3;
			sourceTree = "<group>";
		};
		947C8B74277329220040CD62 /* OneLegStance */ = {
			isa = PBXGroup;
			children = (
				947C8B75277329390040CD62 /* OneLegStanceLeft.swift */,
				947C8B77277329460040CD62 /* OneLegStanceRight.swift */,
			);
			name = OneLegStance;
			sourceTree = "<group>";
		};
		94A4187127835C18009B8C41 /* Responses */ = {
			isa = PBXGroup;
			children = (
				734CDD94275BB61D00697CEE /* LoginResponse.swift */,
				94E7F5E2275F5E770025644B /* UserResponse.swift */,
				94E7F5E4275FA27E0025644B /* TeamResponse.swift */,
				94071ED7276109F300FFB8B4 /* setTestReponse.swift */,
				943758802771D36C001D3222 /* UserPlayerResponse.swift */,
			);
			path = Responses;
			sourceTree = "<group>";
		};
		94A4187227835C21009B8C41 /* Requests */ = {
			isa = PBXGroup;
			children = (
				734CDD8F275BA52000697CEE /* LoginRequest.swift */,
				94E7F5EA275FEA000025644B /* KTK3Request.swift */,
				94E7F5EC275FECCF0025644B /* KTK3RequestBody.swift */,
				94A4186B27834499009B8C41 /* PHVRequest.swift */,
				94A41869278343F0009B8C41 /* PHVRequestBody.swift */,
				94A4186D27835448009B8C41 /* SitAndReachRequest.swift */,
				94A4186F27835507009B8C41 /* SitAndReachRequestBody.swift */,
				94FA16CA2784915300938748 /* TTestRequest.swift */,
				94FA16C8278490E100938748 /* TTestRequestBody.swift */,
				94FA16CC2784959400938748 /* Sprint10x5Request.swift */,
				94FA16CE278495DC00938748 /* Sprint10x5RequestBody.swift */,
				94FA16D02784C98300938748 /* OneLegStanceRequest.swift */,
				94FA16D22784C9E100938748 /* OneLegStanceRequestBody.swift */,
				94BB5DEB2785DD5200FB6B5A /* ShuttleRunRequest.swift */,
				94BB5DED2785DE8900FB6B5A /* YoYoRequest.swift */,
				94BB5DF12785E59000FB6B5A /* LSPTRequest.swift */,
				94BB5DEF2785E4C300FB6B5A /* LSPTRequestBody.swift */,
				942E3126278729CB00A96991 /* FSTRequest.swift */,
				942E312827872A4E00A96991 /* FSTRequestBody.swift */,
				942E312A27873B5900A96991 /* FatPercentageRequest.swift */,
				942E312C27873BEE00A96991 /* FatPercentageRequestBody.swift */,
				946768B52788449400393708 /* InsaitJoyRequest.swift */,
				946768B72788453A00393708 /* InsaitJoyRequestBody.swift */,
			);
			path = Requests;
			sourceTree = "<group>";
		};
		94BB5DE72785D68400FB6B5A /* ShuttleRun */ = {
			isa = PBXGroup;
			children = (
				947C8B8127732A860040CD62 /* ShuttleRunView.swift */,
				94BB5DE52785D1D400FB6B5A /* PlayerShuttleRunView.swift */,
			);
			path = ShuttleRun;
			sourceTree = "<group>";
		};
		94BB5DE82785D6C800FB6B5A /* YoYo */ = {
			isa = PBXGroup;
			children = (
				947C8B8327732A940040CD62 /* YoYoView.swift */,
				94BB5DE92785D75A00FB6B5A /* PlayerYoYoView.swift */,
			);
			path = YoYo;
			sourceTree = "<group>";
		};
		94D729D3277F53A600D071A7 /* Insait Joy */ = {
			isa = PBXGroup;
			children = (
				947C8B8927732AD10040CD62 /* InsaitJoyView.swift */,
				94D729D4277F543400D071A7 /* InsaitJoyPractice.swift */,
			);
			name = "Insait Joy";
			sourceTree = "<group>";
		};
		94E63DA9278B3583009CAF5D /* TestBody */ = {
			isa = PBXGroup;
			children = (
				94E63DAA278B35A7009CAF5D /* KTK3Test.swift */,
				94E63DAC278B3747009CAF5D /* SitAndReachTest.swift */,
				94E63DAE278B378A009CAF5D /* PHVTest.swift */,
				94E63DB0278B37B0009CAF5D /* TTestTest.swift */,
				94E63DB2278B3897009CAF5D /* Sprint10x5Test.swift */,
				94E63DB4278B38D6009CAF5D /* OneLegStanceTest.swift */,
				94E63DB6278B3971009CAF5D /* IntervalShuttleRunTest.swift */,
				94E63DB8278B3998009CAF5D /* YoYoTest.swift */,
				94E63DBA278B39B2009CAF5D /* LSPTTest.swift */,
				94E63DBC278B3A43009CAF5D /* FSTTest.swift */,
				94E63DBE278B3A6F009CAF5D /* FatPercentageTest.swift */,
				94E63DC0278B3AB2009CAF5D /* InsaitJoyTest.swift */,
				94E63DC2278B3AF1009CAF5D /* GiTTest.swift */,
			);
			path = TestBody;
			sourceTree = "<group>";
		};
/* End PBXGroup section */

/* Begin PBXNativeTarget section */
		73EB23322746944E008111AE /* TechnoleonApp */ = {
			isa = PBXNativeTarget;
			buildConfigurationList = 73EB235727469450008111AE /* Build configuration list for PBXNativeTarget "TechnoleonApp" */;
			buildPhases = (
				73EB232F2746944E008111AE /* Sources */,
				73EB23302746944E008111AE /* Frameworks */,
				73EB23312746944E008111AE /* Resources */,
			);
			buildRules = (
			);
			dependencies = (
			);
			name = TechnoleonApp;
			packageProductDependencies = (
				734CDD92275BA5BB00697CEE /* KeychainAccess */,
				7338BAAD275D399C00F42D2F /* JWTDecode */,
			);
			productName = TechnoleonApp;
			productReference = 73EB23332746944E008111AE /* TechnoleonApp.app */;
			productType = "com.apple.product-type.application";
		};
		73EB234227469450008111AE /* TechnoleonAppTests */ = {
			isa = PBXNativeTarget;
			buildConfigurationList = 73EB235A27469450008111AE /* Build configuration list for PBXNativeTarget "TechnoleonAppTests" */;
			buildPhases = (
				73EB233F27469450008111AE /* Sources */,
				73EB234027469450008111AE /* Frameworks */,
				73EB234127469450008111AE /* Resources */,
			);
			buildRules = (
			);
			dependencies = (
				73EB234527469450008111AE /* PBXTargetDependency */,
			);
			name = TechnoleonAppTests;
			productName = TechnoleonAppTests;
			productReference = 73EB234327469450008111AE /* TechnoleonAppTests.xctest */;
			productType = "com.apple.product-type.bundle.unit-test";
		};
		73EB234C27469450008111AE /* TechnoleonAppUITests */ = {
			isa = PBXNativeTarget;
			buildConfigurationList = 73EB235D27469450008111AE /* Build configuration list for PBXNativeTarget "TechnoleonAppUITests" */;
			buildPhases = (
				73EB234927469450008111AE /* Sources */,
				73EB234A27469450008111AE /* Frameworks */,
				73EB234B27469450008111AE /* Resources */,
			);
			buildRules = (
			);
			dependencies = (
				73EB234F27469450008111AE /* PBXTargetDependency */,
			);
			name = TechnoleonAppUITests;
			productName = TechnoleonAppUITests;
			productReference = 73EB234D27469450008111AE /* TechnoleonAppUITests.xctest */;
			productType = "com.apple.product-type.bundle.ui-testing";
		};
/* End PBXNativeTarget section */

/* Begin PBXProject section */
		73EB232B2746944E008111AE /* Project object */ = {
			isa = PBXProject;
			attributes = {
				BuildIndependentTargetsInParallel = 1;
				LastSwiftUpdateCheck = 1310;
				LastUpgradeCheck = 1310;
				TargetAttributes = {
					73EB23322746944E008111AE = {
						CreatedOnToolsVersion = 13.1;
					};
					73EB234227469450008111AE = {
						CreatedOnToolsVersion = 13.1;
						TestTargetID = 73EB23322746944E008111AE;
					};
					73EB234C27469450008111AE = {
						CreatedOnToolsVersion = 13.1;
						TestTargetID = 73EB23322746944E008111AE;
					};
				};
			};
			buildConfigurationList = 73EB232E2746944E008111AE /* Build configuration list for PBXProject "TechnoleonApp" */;
			compatibilityVersion = "Xcode 13.0";
			developmentRegion = en;
			hasScannedForEncodings = 0;
			knownRegions = (
				en,
				Base,
			);
			mainGroup = 73EB232A2746944E008111AE;
			packageReferences = (
				734CDD91275BA5BB00697CEE /* XCRemoteSwiftPackageReference "KeychainAccess" */,
				7338BAAC275D399C00F42D2F /* XCRemoteSwiftPackageReference "JWTDecode" */,
			);
			productRefGroup = 73EB23342746944E008111AE /* Products */;
			projectDirPath = "";
			projectRoot = "";
			targets = (
				73EB23322746944E008111AE /* TechnoleonApp */,
				73EB234227469450008111AE /* TechnoleonAppTests */,
				73EB234C27469450008111AE /* TechnoleonAppUITests */,
			);
		};
/* End PBXProject section */

/* Begin PBXResourcesBuildPhase section */
		73EB23312746944E008111AE /* Resources */ = {
			isa = PBXResourcesBuildPhase;
			buildActionMask = 2147483647;
			files = (
				73CB305227567F3000BF15AD /* Cognitief.json in Resources */,
				73CB304E27567EA900BF15AD /* Fysiek.json in Resources */,
				73EB233E27469450008111AE /* Preview Assets.xcassets in Resources */,
				73EB233B27469450008111AE /* Assets.xcassets in Resources */,
				73CB305027567EDC00BF15AD /* Technisch.json in Resources */,
			);
			runOnlyForDeploymentPostprocessing = 0;
		};
		73EB234127469450008111AE /* Resources */ = {
			isa = PBXResourcesBuildPhase;
			buildActionMask = 2147483647;
			files = (
			);
			runOnlyForDeploymentPostprocessing = 0;
		};
		73EB234B27469450008111AE /* Resources */ = {
			isa = PBXResourcesBuildPhase;
			buildActionMask = 2147483647;
			files = (
			);
			runOnlyForDeploymentPostprocessing = 0;
		};
/* End PBXResourcesBuildPhase section */

/* Begin PBXSourcesBuildPhase section */
		73EB232F2746944E008111AE /* Sources */ = {
			isa = PBXSourcesBuildPhase;
			buildActionMask = 2147483647;
			files = (
				733B8B03275A9AE100E68F9E /* LatestResultsView.swift in Sources */,
				94A4186E27835448009B8C41 /* SitAndReachRequest.swift in Sources */,
				947C8B8A27732AD10040CD62 /* InsaitJoyView.swift in Sources */,
				9438A7B32770CF360023E40C /* CognitiveTestList.swift in Sources */,
				73EB23392746944E008111AE /* ContentView.swift in Sources */,
				947C8B8E27732D310040CD62 /* PHVInfo.swift in Sources */,
				947C8B6F277328B10040CD62 /* SitAndReachView.swift in Sources */,
				94FA16D12784C98300938748 /* OneLegStanceRequest.swift in Sources */,
				946768B62788449400393708 /* InsaitJoyRequest.swift in Sources */,
				947C8B8427732A940040CD62 /* YoYoView.swift in Sources */,
				94E7F5E7275FB2E30025644B /* Team.swift in Sources */,
				947C8BA6277332DA0040CD62 /* InsaitJoyInfo.swift in Sources */,
				947C8B7E27732A580040CD62 /* Sprint10m20m35mView.swift in Sources */,
				947C8B71277328F90040CD62 /* VetPercentageView.swift in Sources */,
				947C8B6D277328810040CD62 /* PHVView.swift in Sources */,
				947C8BA4277332C50040CD62 /* FSTInfo.swift in Sources */,
				734C9A15274E8C310077BFEB /* KTK3MovingSidewaysView.swift in Sources */,
				947C8B8627732AAB0040CD62 /* LSPTView.swift in Sources */,
				947C8B90277330C10040CD62 /* TestInfo.swift in Sources */,
				94E7F5ED275FECCF0025644B /* KTK3RequestBody.swift in Sources */,
				734C9A13274E51600077BFEB /* KTK3View.swift in Sources */,
				734C9A1B274E8E540077BFEB /* KTK3Balk3View.swift in Sources */,
				94BB5DEE2785DE8900FB6B5A /* YoYoRequest.swift in Sources */,
				94E63DC3278B3AF1009CAF5D /* GiTTest.swift in Sources */,
				947F3F4A275E862E000C10CB /* LoggedInUser.swift in Sources */,
				9438A7AF2770CD190023E40C /* MatchTestList.swift in Sources */,
				947C8B9C277332670040CD62 /* Sprint10x5Info.swift in Sources */,
				734C9A19274E8DCA0077BFEB /* KTK3Balk2View.swift in Sources */,
				734C9A11274E48260077BFEB /* PhysicalTestList.swift in Sources */,
				947C8B98277331FB0040CD62 /* OneLegStanceInfo.swift in Sources */,
				734C9A17274E8CA30077BFEB /* KTK3Balk1View.swift in Sources */,
				7363E07F274CF9C700FD5BBD /* PlayerSelectionView.swift in Sources */,
				94A4186A278343F0009B8C41 /* PHVRequestBody.swift in Sources */,
				946768BB278873AA00393708 /* GiTRoundView.swift in Sources */,
				734CDD90275BA52000697CEE /* LoginRequest.swift in Sources */,
				94BB5DEA2785D75A00FB6B5A /* PlayerYoYoView.swift in Sources */,
				942E3127278729CB00A96991 /* FSTRequest.swift in Sources */,
				7363E07B274CE84600FD5BBD /* TeamSelectionView.swift in Sources */,
				94E63DBD278B3A43009CAF5D /* FSTTest.swift in Sources */,
				94071EE0276130C300FFB8B4 /* ProfilePlayerView.swift in Sources */,
				94071EDE2761294900FFB8B4 /* OverviewPlayerView.swift in Sources */,
				94E63DB9278B3998009CAF5D /* YoYoTest.swift in Sources */,
				94E63DBF278B3A6F009CAF5D /* FatPercentageTest.swift in Sources */,
				94FA16C9278490E100938748 /* TTestRequestBody.swift in Sources */,
				947C8B8827732AB60040CD62 /* FSTView.swift in Sources */,
				9438A7B12770CF180023E40C /* TechnicalTestList.swift in Sources */,
				947C8B96277331D80040CD62 /* T-TestInfo.swift in Sources */,
				942E312D27873BEE00A96991 /* FatPercentageRequestBody.swift in Sources */,
				942E312927872A4E00A96991 /* FSTRequestBody.swift in Sources */,
				733B8B07275A9F5500E68F9E /* ComparePlayerView.swift in Sources */,
				94D729D5277F543400D071A7 /* InsaitJoyPractice.swift in Sources */,
				733B8B05275A9B3C00E68F9E /* TeamOverviewView.swift in Sources */,
				94071EDA2761163200FFB8B4 /* TimerMode.swift in Sources */,
				947C8B8027732A6D0040CD62 /* Sprint10x5mView.swift in Sources */,
				947C8B6B277324FA0040CD62 /* KTK3Info.swift in Sources */,
				7338BAAB275D009400F42D2F /* LoginView.swift in Sources */,
				94BB5DEC2785DD5200FB6B5A /* ShuttleRunRequest.swift in Sources */,
				947C8B8C27732B120040CD62 /* GiTView.swift in Sources */,
				94071ED8276109F300FFB8B4 /* setTestReponse.swift in Sources */,
				947C8B9A2773321A0040CD62 /* Sprint10m20m35mInfo.swift in Sources */,
				94E63DB3278B3897009CAF5D /* Sprint10x5Test.swift in Sources */,
				73EB23372746944E008111AE /* TechnoleonAppApp.swift in Sources */,
				734CDD95275BB61D00697CEE /* LoginResponse.swift in Sources */,
				947C8B94277331AB0040CD62 /* VetPercentageInfo.swift in Sources */,
				9438A7AD2770BCA40023E40C /* Test.swift in Sources */,
				94E7F5E3275F5E770025644B /* UserResponse.swift in Sources */,
				94FA16D32784C9E100938748 /* OneLegStanceRequestBody.swift in Sources */,
				734CDD8E275BA30900697CEE /* TechnoleonAPI.swift in Sources */,
				94A4187027835507009B8C41 /* SitAndReachRequestBody.swift in Sources */,
				73E5B608274F951600EBFE9E /* EndOfTestView.swift in Sources */,
				7391B8F7274BECB80003BDDC /* TestCategoriesView.swift in Sources */,
				943758812771D36C001D3222 /* UserPlayerResponse.swift in Sources */,
				94A4186C27834499009B8C41 /* PHVRequest.swift in Sources */,
				94E63DB1278B37B0009CAF5D /* TTestTest.swift in Sources */,
				734C9A1D274E8F4E0077BFEB /* KTK3HandEyeView.swift in Sources */,
				947C8BA2277332B00040CD62 /* LSPTInfo.swift in Sources */,
				94BB5DE62785D1D400FB6B5A /* PlayerShuttleRunView.swift in Sources */,
				94BB5DF02785E4C300FB6B5A /* LSPTRequestBody.swift in Sources */,
				947C8BAA277333180040CD62 /* EyeCentreInfo.swift in Sources */,
				94E63DC1278B3AB2009CAF5D /* InsaitJoyTest.swift in Sources */,
				947C8B922773316C0040CD62 /* SitAndReachInfo.swift in Sources */,
				94071EDC2761177100FFB8B4 /* TimerManager.swift in Sources */,
				94E63DAF278B378A009CAF5D /* PHVTest.swift in Sources */,
				94E63DAB278B35A7009CAF5D /* KTK3Test.swift in Sources */,
				947C8BA8277332F60040CD62 /* GiTInfo.swift in Sources */,
				947C8B76277329390040CD62 /* OneLegStanceLeft.swift in Sources */,
				94E63DB7278B3971009CAF5D /* IntervalShuttleRunTest.swift in Sources */,
				94BB5DF22785E59000FB6B5A /* LSPTRequest.swift in Sources */,
				946768BF278883EE00393708 /* GiTRoundManager.swift in Sources */,
				94E63DA8278B2C40009CAF5D /* SpecificTest.swift in Sources */,
				73E59D652758FBDB005545F3 /* OverviewView.swift in Sources */,
				94E63DB5278B38D6009CAF5D /* OneLegStanceTest.swift in Sources */,
				947C8B73277329080040CD62 /* T-TestView.swift in Sources */,
				947C8B8227732A860040CD62 /* ShuttleRunView.swift in Sources */,
				94E63DBB278B39B2009CAF5D /* LSPTTest.swift in Sources */,
				947C8BAC277361F70040CD62 /* TestInfoView.swift in Sources */,
				947C8BA0277332970040CD62 /* YoYoInfo.swift in Sources */,
				946768B82788453A00393708 /* InsaitJoyRequestBody.swift in Sources */,
				73975785274946A200A17B6E /* ViewExtension.swift in Sources */,
				94FA16CD2784959400938748 /* Sprint10x5Request.swift in Sources */,
				94E7F5EB275FEA000025644B /* KTK3Request.swift in Sources */,
				7391B8FB274BEFA20003BDDC /* ProfileView.swift in Sources */,
				9426D2BC278D8BAE009B6541 /* TestLists.swift in Sources */,
				73975783274942D900A17B6E /* NavigationBar.swift in Sources */,
				9426D2BA278D8895009B6541 /* OverviewTestItem.swift in Sources */,
				734C9A0F274E404B0077BFEB /* TestListView.swift in Sources */,
				94E7F5E9275FBC3A0025644B /* Player.swift in Sources */,
				94FA16CB2784915300938748 /* TTestRequest.swift in Sources */,
				947C8B9E277332840040CD62 /* ShuttleRunInfo.swift in Sources */,
				9438A7B52770CF480023E40C /* MentalTestList.swift in Sources */,
				942E312B27873B5900A96991 /* FatPercentageRequest.swift in Sources */,
				947C8B78277329460040CD62 /* OneLegStanceRight.swift in Sources */,
				94E7F5E5275FA27E0025644B /* TeamResponse.swift in Sources */,
				946768BD2788792E00393708 /* GiTRound.swift in Sources */,
				94719BB02773766D00F164C1 /* StopwatchManager.swift in Sources */,
				94E63DAD278B3747009CAF5D /* SitAndReachTest.swift in Sources */,
				94FA16CF278495DC00938748 /* Sprint10x5RequestBody.swift in Sources */,
			);
			runOnlyForDeploymentPostprocessing = 0;
		};
		73EB233F27469450008111AE /* Sources */ = {
			isa = PBXSourcesBuildPhase;
			buildActionMask = 2147483647;
			files = (
				73EB234827469450008111AE /* TechnoleonAppTests.swift in Sources */,
			);
			runOnlyForDeploymentPostprocessing = 0;
		};
		73EB234927469450008111AE /* Sources */ = {
			isa = PBXSourcesBuildPhase;
			buildActionMask = 2147483647;
			files = (
				73EB235227469450008111AE /* TechnoleonAppUITests.swift in Sources */,
				73EB235427469450008111AE /* TechnoleonAppUITestsLaunchTests.swift in Sources */,
			);
			runOnlyForDeploymentPostprocessing = 0;
		};
/* End PBXSourcesBuildPhase section */

/* Begin PBXTargetDependency section */
		73EB234527469450008111AE /* PBXTargetDependency */ = {
			isa = PBXTargetDependency;
			target = 73EB23322746944E008111AE /* TechnoleonApp */;
			targetProxy = 73EB234427469450008111AE /* PBXContainerItemProxy */;
		};
		73EB234F27469450008111AE /* PBXTargetDependency */ = {
			isa = PBXTargetDependency;
			target = 73EB23322746944E008111AE /* TechnoleonApp */;
			targetProxy = 73EB234E27469450008111AE /* PBXContainerItemProxy */;
		};
/* End PBXTargetDependency section */

/* Begin XCBuildConfiguration section */
		73EB235527469450008111AE /* Debug */ = {
			isa = XCBuildConfiguration;
			buildSettings = {
				ALWAYS_SEARCH_USER_PATHS = NO;
				CLANG_ANALYZER_NONNULL = YES;
				CLANG_ANALYZER_NUMBER_OBJECT_CONVERSION = YES_AGGRESSIVE;
				CLANG_CXX_LANGUAGE_STANDARD = "gnu++17";
				CLANG_CXX_LIBRARY = "libc++";
				CLANG_ENABLE_MODULES = YES;
				CLANG_ENABLE_OBJC_ARC = YES;
				CLANG_ENABLE_OBJC_WEAK = YES;
				CLANG_WARN_BLOCK_CAPTURE_AUTORELEASING = YES;
				CLANG_WARN_BOOL_CONVERSION = YES;
				CLANG_WARN_COMMA = YES;
				CLANG_WARN_CONSTANT_CONVERSION = YES;
				CLANG_WARN_DEPRECATED_OBJC_IMPLEMENTATIONS = YES;
				CLANG_WARN_DIRECT_OBJC_ISA_USAGE = YES_ERROR;
				CLANG_WARN_DOCUMENTATION_COMMENTS = YES;
				CLANG_WARN_EMPTY_BODY = YES;
				CLANG_WARN_ENUM_CONVERSION = YES;
				CLANG_WARN_INFINITE_RECURSION = YES;
				CLANG_WARN_INT_CONVERSION = YES;
				CLANG_WARN_NON_LITERAL_NULL_CONVERSION = YES;
				CLANG_WARN_OBJC_IMPLICIT_RETAIN_SELF = YES;
				CLANG_WARN_OBJC_LITERAL_CONVERSION = YES;
				CLANG_WARN_OBJC_ROOT_CLASS = YES_ERROR;
				CLANG_WARN_QUOTED_INCLUDE_IN_FRAMEWORK_HEADER = YES;
				CLANG_WARN_RANGE_LOOP_ANALYSIS = YES;
				CLANG_WARN_STRICT_PROTOTYPES = YES;
				CLANG_WARN_SUSPICIOUS_MOVE = YES;
				CLANG_WARN_UNGUARDED_AVAILABILITY = YES_AGGRESSIVE;
				CLANG_WARN_UNREACHABLE_CODE = YES;
				CLANG_WARN__DUPLICATE_METHOD_MATCH = YES;
				COPY_PHASE_STRIP = NO;
				DEBUG_INFORMATION_FORMAT = dwarf;
				ENABLE_STRICT_OBJC_MSGSEND = YES;
				ENABLE_TESTABILITY = YES;
				GCC_C_LANGUAGE_STANDARD = gnu11;
				GCC_DYNAMIC_NO_PIC = NO;
				GCC_NO_COMMON_BLOCKS = YES;
				GCC_OPTIMIZATION_LEVEL = 0;
				GCC_PREPROCESSOR_DEFINITIONS = (
					"DEBUG=1",
					"$(inherited)",
				);
				GCC_WARN_64_TO_32_BIT_CONVERSION = YES;
				GCC_WARN_ABOUT_RETURN_TYPE = YES_ERROR;
				GCC_WARN_UNDECLARED_SELECTOR = YES;
				GCC_WARN_UNINITIALIZED_AUTOS = YES_AGGRESSIVE;
				GCC_WARN_UNUSED_FUNCTION = YES;
				GCC_WARN_UNUSED_VARIABLE = YES;
				IPHONEOS_DEPLOYMENT_TARGET = 15.0;
				MTL_ENABLE_DEBUG_INFO = INCLUDE_SOURCE;
				MTL_FAST_MATH = YES;
				ONLY_ACTIVE_ARCH = YES;
				SDKROOT = iphoneos;
				SWIFT_ACTIVE_COMPILATION_CONDITIONS = DEBUG;
				SWIFT_OPTIMIZATION_LEVEL = "-Onone";
			};
			name = Debug;
		};
		73EB235627469450008111AE /* Release */ = {
			isa = XCBuildConfiguration;
			buildSettings = {
				ALWAYS_SEARCH_USER_PATHS = NO;
				CLANG_ANALYZER_NONNULL = YES;
				CLANG_ANALYZER_NUMBER_OBJECT_CONVERSION = YES_AGGRESSIVE;
				CLANG_CXX_LANGUAGE_STANDARD = "gnu++17";
				CLANG_CXX_LIBRARY = "libc++";
				CLANG_ENABLE_MODULES = YES;
				CLANG_ENABLE_OBJC_ARC = YES;
				CLANG_ENABLE_OBJC_WEAK = YES;
				CLANG_WARN_BLOCK_CAPTURE_AUTORELEASING = YES;
				CLANG_WARN_BOOL_CONVERSION = YES;
				CLANG_WARN_COMMA = YES;
				CLANG_WARN_CONSTANT_CONVERSION = YES;
				CLANG_WARN_DEPRECATED_OBJC_IMPLEMENTATIONS = YES;
				CLANG_WARN_DIRECT_OBJC_ISA_USAGE = YES_ERROR;
				CLANG_WARN_DOCUMENTATION_COMMENTS = YES;
				CLANG_WARN_EMPTY_BODY = YES;
				CLANG_WARN_ENUM_CONVERSION = YES;
				CLANG_WARN_INFINITE_RECURSION = YES;
				CLANG_WARN_INT_CONVERSION = YES;
				CLANG_WARN_NON_LITERAL_NULL_CONVERSION = YES;
				CLANG_WARN_OBJC_IMPLICIT_RETAIN_SELF = YES;
				CLANG_WARN_OBJC_LITERAL_CONVERSION = YES;
				CLANG_WARN_OBJC_ROOT_CLASS = YES_ERROR;
				CLANG_WARN_QUOTED_INCLUDE_IN_FRAMEWORK_HEADER = YES;
				CLANG_WARN_RANGE_LOOP_ANALYSIS = YES;
				CLANG_WARN_STRICT_PROTOTYPES = YES;
				CLANG_WARN_SUSPICIOUS_MOVE = YES;
				CLANG_WARN_UNGUARDED_AVAILABILITY = YES_AGGRESSIVE;
				CLANG_WARN_UNREACHABLE_CODE = YES;
				CLANG_WARN__DUPLICATE_METHOD_MATCH = YES;
				COPY_PHASE_STRIP = NO;
				DEBUG_INFORMATION_FORMAT = "dwarf-with-dsym";
				ENABLE_NS_ASSERTIONS = NO;
				ENABLE_STRICT_OBJC_MSGSEND = YES;
				GCC_C_LANGUAGE_STANDARD = gnu11;
				GCC_NO_COMMON_BLOCKS = YES;
				GCC_WARN_64_TO_32_BIT_CONVERSION = YES;
				GCC_WARN_ABOUT_RETURN_TYPE = YES_ERROR;
				GCC_WARN_UNDECLARED_SELECTOR = YES;
				GCC_WARN_UNINITIALIZED_AUTOS = YES_AGGRESSIVE;
				GCC_WARN_UNUSED_FUNCTION = YES;
				GCC_WARN_UNUSED_VARIABLE = YES;
				IPHONEOS_DEPLOYMENT_TARGET = 15.0;
				MTL_ENABLE_DEBUG_INFO = NO;
				MTL_FAST_MATH = YES;
				SDKROOT = iphoneos;
				SWIFT_COMPILATION_MODE = wholemodule;
				SWIFT_OPTIMIZATION_LEVEL = "-O";
				VALIDATE_PRODUCT = YES;
			};
			name = Release;
		};
		73EB235827469450008111AE /* Debug */ = {
			isa = XCBuildConfiguration;
			buildSettings = {
				ASSETCATALOG_COMPILER_APPICON_NAME = AppIcon;
				ASSETCATALOG_COMPILER_GLOBAL_ACCENT_COLOR_NAME = AccentColor;
				CODE_SIGN_IDENTITY = "Apple Development";
				CODE_SIGN_STYLE = Automatic;
				CURRENT_PROJECT_VERSION = 1;
				DEVELOPMENT_ASSET_PATHS = "\"TechnoleonApp/Preview Content\"";
				DEVELOPMENT_TEAM = "";
				ENABLE_PREVIEWS = YES;
				GENERATE_INFOPLIST_FILE = YES;
				INFOPLIST_KEY_UIApplicationSceneManifest_Generation = YES;
				INFOPLIST_KEY_UIApplicationSupportsIndirectInputEvents = YES;
				INFOPLIST_KEY_UILaunchScreen_Generation = YES;
				INFOPLIST_KEY_UISupportedInterfaceOrientations_iPad = "UIInterfaceOrientationPortrait UIInterfaceOrientationPortraitUpsideDown UIInterfaceOrientationLandscapeLeft UIInterfaceOrientationLandscapeRight";
				INFOPLIST_KEY_UISupportedInterfaceOrientations_iPhone = "UIInterfaceOrientationPortrait UIInterfaceOrientationLandscapeLeft UIInterfaceOrientationLandscapeRight";
				LD_RUNPATH_SEARCH_PATHS = (
					"$(inherited)",
					"@executable_path/Frameworks",
				);
				MARKETING_VERSION = 1.0;
				PRODUCT_BUNDLE_IDENTIFIER = nl.ForwardFootball.TechnoleonApp;
				PRODUCT_NAME = "$(TARGET_NAME)";
				PROVISIONING_PROFILE_SPECIFIER = "";
				SWIFT_EMIT_LOC_STRINGS = YES;
				SWIFT_VERSION = 5.0;
				TARGETED_DEVICE_FAMILY = "1,2";
			};
			name = Debug;
		};
		73EB235927469450008111AE /* Release */ = {
			isa = XCBuildConfiguration;
			buildSettings = {
				ASSETCATALOG_COMPILER_APPICON_NAME = AppIcon;
				ASSETCATALOG_COMPILER_GLOBAL_ACCENT_COLOR_NAME = AccentColor;
				CODE_SIGN_IDENTITY = "Apple Development";
				CODE_SIGN_STYLE = Automatic;
				CURRENT_PROJECT_VERSION = 1;
				DEVELOPMENT_ASSET_PATHS = "\"TechnoleonApp/Preview Content\"";
				DEVELOPMENT_TEAM = "";
				ENABLE_PREVIEWS = YES;
				GENERATE_INFOPLIST_FILE = YES;
				INFOPLIST_KEY_UIApplicationSceneManifest_Generation = YES;
				INFOPLIST_KEY_UIApplicationSupportsIndirectInputEvents = YES;
				INFOPLIST_KEY_UILaunchScreen_Generation = YES;
				INFOPLIST_KEY_UISupportedInterfaceOrientations_iPad = "UIInterfaceOrientationPortrait UIInterfaceOrientationPortraitUpsideDown UIInterfaceOrientationLandscapeLeft UIInterfaceOrientationLandscapeRight";
				INFOPLIST_KEY_UISupportedInterfaceOrientations_iPhone = "UIInterfaceOrientationPortrait UIInterfaceOrientationLandscapeLeft UIInterfaceOrientationLandscapeRight";
				LD_RUNPATH_SEARCH_PATHS = (
					"$(inherited)",
					"@executable_path/Frameworks",
				);
				MARKETING_VERSION = 1.0;
				PRODUCT_BUNDLE_IDENTIFIER = nl.ForwardFootball.TechnoleonApp;
				PRODUCT_NAME = "$(TARGET_NAME)";
				PROVISIONING_PROFILE_SPECIFIER = "";
				SWIFT_EMIT_LOC_STRINGS = YES;
				SWIFT_VERSION = 5.0;
				TARGETED_DEVICE_FAMILY = "1,2";
			};
			name = Release;
		};
		73EB235B27469450008111AE /* Debug */ = {
			isa = XCBuildConfiguration;
			buildSettings = {
				ALWAYS_EMBED_SWIFT_STANDARD_LIBRARIES = YES;
				BUNDLE_LOADER = "$(TEST_HOST)";
				CODE_SIGN_STYLE = Automatic;
				CURRENT_PROJECT_VERSION = 1;
				GENERATE_INFOPLIST_FILE = YES;
				IPHONEOS_DEPLOYMENT_TARGET = 15.0;
				LD_RUNPATH_SEARCH_PATHS = (
					"$(inherited)",
					"@executable_path/Frameworks",
					"@loader_path/Frameworks",
				);
				MARKETING_VERSION = 1.0;
				PRODUCT_BUNDLE_IDENTIFIER = nl.ForwardFootball.TechnoleonAppTests;
				PRODUCT_NAME = "$(TARGET_NAME)";
				SWIFT_EMIT_LOC_STRINGS = NO;
				SWIFT_VERSION = 5.0;
				TARGETED_DEVICE_FAMILY = "1,2";
				TEST_HOST = "$(BUILT_PRODUCTS_DIR)/TechnoleonApp.app/TechnoleonApp";
			};
			name = Debug;
		};
		73EB235C27469450008111AE /* Release */ = {
			isa = XCBuildConfiguration;
			buildSettings = {
				ALWAYS_EMBED_SWIFT_STANDARD_LIBRARIES = YES;
				BUNDLE_LOADER = "$(TEST_HOST)";
				CODE_SIGN_STYLE = Automatic;
				CURRENT_PROJECT_VERSION = 1;
				GENERATE_INFOPLIST_FILE = YES;
				IPHONEOS_DEPLOYMENT_TARGET = 15.0;
				LD_RUNPATH_SEARCH_PATHS = (
					"$(inherited)",
					"@executable_path/Frameworks",
					"@loader_path/Frameworks",
				);
				MARKETING_VERSION = 1.0;
				PRODUCT_BUNDLE_IDENTIFIER = nl.ForwardFootball.TechnoleonAppTests;
				PRODUCT_NAME = "$(TARGET_NAME)";
				SWIFT_EMIT_LOC_STRINGS = NO;
				SWIFT_VERSION = 5.0;
				TARGETED_DEVICE_FAMILY = "1,2";
				TEST_HOST = "$(BUILT_PRODUCTS_DIR)/TechnoleonApp.app/TechnoleonApp";
			};
			name = Release;
		};
		73EB235E27469450008111AE /* Debug */ = {
			isa = XCBuildConfiguration;
			buildSettings = {
				ALWAYS_EMBED_SWIFT_STANDARD_LIBRARIES = YES;
				CODE_SIGN_STYLE = Automatic;
				CURRENT_PROJECT_VERSION = 1;
				GENERATE_INFOPLIST_FILE = YES;
				LD_RUNPATH_SEARCH_PATHS = (
					"$(inherited)",
					"@executable_path/Frameworks",
					"@loader_path/Frameworks",
				);
				MARKETING_VERSION = 1.0;
				PRODUCT_BUNDLE_IDENTIFIER = nl.ForwardFootball.TechnoleonAppUITests;
				PRODUCT_NAME = "$(TARGET_NAME)";
				SWIFT_EMIT_LOC_STRINGS = NO;
				SWIFT_VERSION = 5.0;
				TARGETED_DEVICE_FAMILY = "1,2";
				TEST_TARGET_NAME = TechnoleonApp;
			};
			name = Debug;
		};
		73EB235F27469450008111AE /* Release */ = {
			isa = XCBuildConfiguration;
			buildSettings = {
				ALWAYS_EMBED_SWIFT_STANDARD_LIBRARIES = YES;
				CODE_SIGN_STYLE = Automatic;
				CURRENT_PROJECT_VERSION = 1;
				GENERATE_INFOPLIST_FILE = YES;
				LD_RUNPATH_SEARCH_PATHS = (
					"$(inherited)",
					"@executable_path/Frameworks",
					"@loader_path/Frameworks",
				);
				MARKETING_VERSION = 1.0;
				PRODUCT_BUNDLE_IDENTIFIER = nl.ForwardFootball.TechnoleonAppUITests;
				PRODUCT_NAME = "$(TARGET_NAME)";
				SWIFT_EMIT_LOC_STRINGS = NO;
				SWIFT_VERSION = 5.0;
				TARGETED_DEVICE_FAMILY = "1,2";
				TEST_TARGET_NAME = TechnoleonApp;
			};
			name = Release;
		};
/* End XCBuildConfiguration section */

/* Begin XCConfigurationList section */
		73EB232E2746944E008111AE /* Build configuration list for PBXProject "TechnoleonApp" */ = {
			isa = XCConfigurationList;
			buildConfigurations = (
				73EB235527469450008111AE /* Debug */,
				73EB235627469450008111AE /* Release */,
			);
			defaultConfigurationIsVisible = 0;
			defaultConfigurationName = Release;
		};
		73EB235727469450008111AE /* Build configuration list for PBXNativeTarget "TechnoleonApp" */ = {
			isa = XCConfigurationList;
			buildConfigurations = (
				73EB235827469450008111AE /* Debug */,
				73EB235927469450008111AE /* Release */,
			);
			defaultConfigurationIsVisible = 0;
			defaultConfigurationName = Release;
		};
		73EB235A27469450008111AE /* Build configuration list for PBXNativeTarget "TechnoleonAppTests" */ = {
			isa = XCConfigurationList;
			buildConfigurations = (
				73EB235B27469450008111AE /* Debug */,
				73EB235C27469450008111AE /* Release */,
			);
			defaultConfigurationIsVisible = 0;
			defaultConfigurationName = Release;
		};
		73EB235D27469450008111AE /* Build configuration list for PBXNativeTarget "TechnoleonAppUITests" */ = {
			isa = XCConfigurationList;
			buildConfigurations = (
				73EB235E27469450008111AE /* Debug */,
				73EB235F27469450008111AE /* Release */,
			);
			defaultConfigurationIsVisible = 0;
			defaultConfigurationName = Release;
		};
/* End XCConfigurationList section */

/* Begin XCRemoteSwiftPackageReference section */
		7338BAAC275D399C00F42D2F /* XCRemoteSwiftPackageReference "JWTDecode" */ = {
			isa = XCRemoteSwiftPackageReference;
			repositoryURL = "https://github.com/auth0/JWTDecode.swift";
			requirement = {
				kind = upToNextMajorVersion;
				minimumVersion = 2.0.0;
			};
		};
		734CDD91275BA5BB00697CEE /* XCRemoteSwiftPackageReference "KeychainAccess" */ = {
			isa = XCRemoteSwiftPackageReference;
			repositoryURL = "https://github.com/kishikawakatsumi/KeychainAccess.git";
			requirement = {
				branch = master;
				kind = branch;
			};
		};
/* End XCRemoteSwiftPackageReference section */

/* Begin XCSwiftPackageProductDependency section */
		7338BAAD275D399C00F42D2F /* JWTDecode */ = {
			isa = XCSwiftPackageProductDependency;
			package = 7338BAAC275D399C00F42D2F /* XCRemoteSwiftPackageReference "JWTDecode" */;
			productName = JWTDecode;
		};
		734CDD92275BA5BB00697CEE /* KeychainAccess */ = {
			isa = XCSwiftPackageProductDependency;
			package = 734CDD91275BA5BB00697CEE /* XCRemoteSwiftPackageReference "KeychainAccess" */;
			productName = KeychainAccess;
		};
/* End XCSwiftPackageProductDependency section */
	};
	rootObject = 73EB232B2746944E008111AE /* Project object */;
}
